
Microsoft Visual Studio Solution File, Format Version 12.00
# Visual Studio Version 17
Project("{2150E333-8FDC-42A3-9474-1A3956D46DE8}") = "CMakePredefinedTargets", "CMakePredefinedTargets", "{34A7B8D8-AB56-3B09-B469-75D73043C8CF}"
EndProject
Project("{8BC9CEB8-8B4A-11D0-8D11-00A0C91BC942}") = "CSC8503", "CSC8503\CSC8503.vcxproj", "{5C9C2CA0-F08B-3B58-863A-8D574E04BF66}"
	ProjectSection(ProjectDependencies) = postProject


		{B32A0B0A-E4AA-3B17-B63A-9A5FBE542A62} = {B32A0B0A-E4AA-3B17-B63A-9A5FBE542A62}
		{C5D87B6E-1685-3E37-AAC2-6E303A2EA4C0} = {C5D87B6E-1685-3E37-AAC2-6E303A2EA4C0}
		{A54385C0-4924-3ADA-9D7A-6C1092D6EE28} = {A54385C0-4924-3ADA-9D7A-6C1092D6EE28}
		{5EDB3A2D-5CC6-33F4-BD56-DCE0A672E40A} = {5EDB3A2D-5CC6-33F4-BD56-DCE0A672E40A}

	EndProjectSection
EndProject
Project("{8BC9CEB8-8B4A-11D0-8D11-00A0C91BC942}") = "ALL_BUILD", "ALL_BUILD.vcxproj", "{C7E7D727-E826-3F9D-B0E6-3EF4E7934137}"
	ProjectSection(ProjectDependencies) = postProject

		{5C9C2CA0-F08B-3B58-863A-8D574E04BF66} = {5C9C2CA0-F08B-3B58-863A-8D574E04BF66}
		{B32A0B0A-E4AA-3B17-B63A-9A5FBE542A62} = {B32A0B0A-E4AA-3B17-B63A-9A5FBE542A62}
		{C5D87B6E-1685-3E37-AAC2-6E303A2EA4C0} = {C5D87B6E-1685-3E37-AAC2-6E303A2EA4C0}
		{A54385C0-4924-3ADA-9D7A-6C1092D6EE28} = {A54385C0-4924-3ADA-9D7A-6C1092D6EE28}
		{5EDB3A2D-5CC6-33F4-BD56-DCE0A672E40A} = {5EDB3A2D-5CC6-33F4-BD56-DCE0A672E40A}

	EndProjectSection
EndProject
Project("{8BC9CEB8-8B4A-11D0-8D11-00A0C91BC942}") = "CSC8503CoreClasses", "CSC8503CoreClasses\CSC8503CoreClasses.vcxproj", "{B32A0B0A-E4AA-3B17-B63A-9A5FBE542A62}"
	ProjectSection(ProjectDependencies) = postProject

		{5EDB3A2D-5CC6-33F4-BD56-DCE0A672E40A} = {5EDB3A2D-5CC6-33F4-BD56-DCE0A672E40A}

	EndProjectSection
EndProject
Project("{8BC9CEB8-8B4A-11D0-8D11-00A0C91BC942}") = "NCLCoreClasses", "NCLCoreClasses\NCLCoreClasses.vcxproj", "{C5D87B6E-1685-3E37-AAC2-6E303A2EA4C0}"
	ProjectSection(ProjectDependencies) = postProject
		{5EDB3A2D-5CC6-33F4-BD56-DCE0A672E40A} = {5EDB3A2D-5CC6-33F4-BD56-DCE0A672E40A}
	EndProjectSection
EndProject
Project("{8BC9CEB8-8B4A-11D0-8D11-00A0C91BC942}") = "OpenGLRendering", "OpenGLRendering\OpenGLRendering.vcxproj", "{A54385C0-4924-3ADA-9D7A-6C1092D6EE28}"
	ProjectSection(ProjectDependencies) = postProject
		{C5D87B6E-1685-3E37-AAC2-6E303A2EA4C0} = {C5D87B6E-1685-3E37-AAC2-6E303A2EA4C0}
		{5EDB3A2D-5CC6-33F4-BD56-DCE0A672E40A} = {5EDB3A2D-5CC6-33F4-BD56-DCE0A672E40A}
	EndProjectSection
EndProject

Project("{8BC9CEB8-8B4A-11D0-8D11-00A0C91BC942}") = "ZERO_CHECK", "ZERO_CHECK.vcxproj", "{5EDB3A2D-5CC6-33F4-BD56-DCE0A672E40A}"

	ProjectSection(ProjectDependencies) = postProject
	EndProjectSection
EndProject
Global
	GlobalSection(SolutionConfigurationPlatforms) = preSolution
		Debug|x64 = Debug|x64
		Release|x64 = Release|x64
	EndGlobalSection
	GlobalSection(ProjectConfigurationPlatforms) = postSolution

		{5C9C2CA0-F08B-3B58-863A-8D574E04BF66}.Debug|x64.ActiveCfg = Debug|x64
		{5C9C2CA0-F08B-3B58-863A-8D574E04BF66}.Debug|x64.Build.0 = Debug|x64
		{5C9C2CA0-F08B-3B58-863A-8D574E04BF66}.Release|x64.ActiveCfg = Release|x64
		{5C9C2CA0-F08B-3B58-863A-8D574E04BF66}.Release|x64.Build.0 = Release|x64
		{C7E7D727-E826-3F9D-B0E6-3EF4E7934137}.Debug|x64.ActiveCfg = Debug|x64
		{C7E7D727-E826-3F9D-B0E6-3EF4E7934137}.Release|x64.ActiveCfg = Release|x64
		{B32A0B0A-E4AA-3B17-B63A-9A5FBE542A62}.Debug|x64.ActiveCfg = Debug|x64
		{B32A0B0A-E4AA-3B17-B63A-9A5FBE542A62}.Debug|x64.Build.0 = Debug|x64
		{B32A0B0A-E4AA-3B17-B63A-9A5FBE542A62}.Release|x64.ActiveCfg = Release|x64
		{B32A0B0A-E4AA-3B17-B63A-9A5FBE542A62}.Release|x64.Build.0 = Release|x64
		{C5D87B6E-1685-3E37-AAC2-6E303A2EA4C0}.Debug|x64.ActiveCfg = Debug|x64
		{C5D87B6E-1685-3E37-AAC2-6E303A2EA4C0}.Debug|x64.Build.0 = Debug|x64
		{C5D87B6E-1685-3E37-AAC2-6E303A2EA4C0}.Release|x64.ActiveCfg = Release|x64
		{C5D87B6E-1685-3E37-AAC2-6E303A2EA4C0}.Release|x64.Build.0 = Release|x64
		{A54385C0-4924-3ADA-9D7A-6C1092D6EE28}.Debug|x64.ActiveCfg = Debug|x64
		{A54385C0-4924-3ADA-9D7A-6C1092D6EE28}.Debug|x64.Build.0 = Debug|x64
		{A54385C0-4924-3ADA-9D7A-6C1092D6EE28}.Release|x64.ActiveCfg = Release|x64
		{A54385C0-4924-3ADA-9D7A-6C1092D6EE28}.Release|x64.Build.0 = Release|x64
		{5EDB3A2D-5CC6-33F4-BD56-DCE0A672E40A}.Debug|x64.ActiveCfg = Debug|x64
		{5EDB3A2D-5CC6-33F4-BD56-DCE0A672E40A}.Debug|x64.Build.0 = Debug|x64
		{5EDB3A2D-5CC6-33F4-BD56-DCE0A672E40A}.Release|x64.ActiveCfg = Release|x64
		{5EDB3A2D-5CC6-33F4-BD56-DCE0A672E40A}.Release|x64.Build.0 = Release|x64
	EndGlobalSection
	GlobalSection(NestedProjects) = preSolution
		{C7E7D727-E826-3F9D-B0E6-3EF4E7934137} = {34A7B8D8-AB56-3B09-B469-75D73043C8CF}
		{5EDB3A2D-5CC6-33F4-BD56-DCE0A672E40A} = {34A7B8D8-AB56-3B09-B469-75D73043C8CF}
	EndGlobalSection
	GlobalSection(ExtensibilityGlobals) = postSolution
		SolutionGuid = {CBBEFC86-330D-32BD-98DB-E2EB3E391D22}
	EndGlobalSection
	GlobalSection(ExtensibilityAddIns) = postSolution
	EndGlobalSection
EndGlobal
