
Microsoft Visual Studio Solution File, Format Version 12.00
# Visual Studio Version 17
Project("{2150E333-8FDC-42A3-9474-1A3956D46DE8}") = "CMakePredefinedTargets", "CMakePredefinedTargets", "{554649FD-8C4F-32FD-862A-E1AE5A1D5FF3}"
EndProject
Project("{8BC9CEB8-8B4A-11D0-8D11-00A0C91BC942}") = "CSC8503", "CSC8503\CSC8503.vcxproj", "{A48AF629-CDA1-35B9-B4A9-D0B6CB4D754D}"
	ProjectSection(ProjectDependencies) = postProject
		{B515A6CD-3265-3CD6-8B2C-9153C8A757F1} = {B515A6CD-3265-3CD6-8B2C-9153C8A757F1}
		{3D0BBFCD-576A-300E-92F6-622F88D0964B} = {3D0BBFCD-576A-300E-92F6-622F88D0964B}
		{8613FEC3-F1EA-3952-B5DA-0F35D9E339C0} = {8613FEC3-F1EA-3952-B5DA-0F35D9E339C0}
		{06AFC35E-62D4-34FA-88F2-390175824826} = {06AFC35E-62D4-34FA-88F2-390175824826}
	EndProjectSection
EndProject
Project("{8BC9CEB8-8B4A-11D0-8D11-00A0C91BC942}") = "ALL_BUILD", "ALL_BUILD.vcxproj", "{647A803E-941F-347F-9AFD-1E31BDFDFCC3}"
	ProjectSection(ProjectDependencies) = postProject
		{A48AF629-CDA1-35B9-B4A9-D0B6CB4D754D} = {A48AF629-CDA1-35B9-B4A9-D0B6CB4D754D}
		{B515A6CD-3265-3CD6-8B2C-9153C8A757F1} = {B515A6CD-3265-3CD6-8B2C-9153C8A757F1}
		{3D0BBFCD-576A-300E-92F6-622F88D0964B} = {3D0BBFCD-576A-300E-92F6-622F88D0964B}
		{8613FEC3-F1EA-3952-B5DA-0F35D9E339C0} = {8613FEC3-F1EA-3952-B5DA-0F35D9E339C0}
		{06AFC35E-62D4-34FA-88F2-390175824826} = {06AFC35E-62D4-34FA-88F2-390175824826}
	EndProjectSection
EndProject
Project("{8BC9CEB8-8B4A-11D0-8D11-00A0C91BC942}") = "CSC8503CoreClasses", "CSC8503CoreClasses\CSC8503CoreClasses.vcxproj", "{B515A6CD-3265-3CD6-8B2C-9153C8A757F1}"
	ProjectSection(ProjectDependencies) = postProject
		{06AFC35E-62D4-34FA-88F2-390175824826} = {06AFC35E-62D4-34FA-88F2-390175824826}
	EndProjectSection
EndProject
Project("{8BC9CEB8-8B4A-11D0-8D11-00A0C91BC942}") = "NCLCoreClasses", "NCLCoreClasses\NCLCoreClasses.vcxproj", "{3D0BBFCD-576A-300E-92F6-622F88D0964B}"
	ProjectSection(ProjectDependencies) = postProject
		{06AFC35E-62D4-34FA-88F2-390175824826} = {06AFC35E-62D4-34FA-88F2-390175824826}
	EndProjectSection
EndProject
Project("{8BC9CEB8-8B4A-11D0-8D11-00A0C91BC942}") = "OpenGLRendering", "OpenGLRendering\OpenGLRendering.vcxproj", "{8613FEC3-F1EA-3952-B5DA-0F35D9E339C0}"
	ProjectSection(ProjectDependencies) = postProject
		{3D0BBFCD-576A-300E-92F6-622F88D0964B} = {3D0BBFCD-576A-300E-92F6-622F88D0964B}
		{06AFC35E-62D4-34FA-88F2-390175824826} = {06AFC35E-62D4-34FA-88F2-390175824826}
	EndProjectSection
EndProject
Project("{8BC9CEB8-8B4A-11D0-8D11-00A0C91BC942}") = "ZERO_CHECK", "ZERO_CHECK.vcxproj", "{06AFC35E-62D4-34FA-88F2-390175824826}"
	ProjectSection(ProjectDependencies) = postProject
	EndProjectSection
EndProject
Global
	GlobalSection(SolutionConfigurationPlatforms) = preSolution
		Debug|x64 = Debug|x64
		Release|x64 = Release|x64
	EndGlobalSection
	GlobalSection(ProjectConfigurationPlatforms) = postSolution
		{A48AF629-CDA1-35B9-B4A9-D0B6CB4D754D}.Debug|x64.ActiveCfg = Debug|x64
		{A48AF629-CDA1-35B9-B4A9-D0B6CB4D754D}.Debug|x64.Build.0 = Debug|x64
		{A48AF629-CDA1-35B9-B4A9-D0B6CB4D754D}.Release|x64.ActiveCfg = Release|x64
		{A48AF629-CDA1-35B9-B4A9-D0B6CB4D754D}.Release|x64.Build.0 = Release|x64
		{647A803E-941F-347F-9AFD-1E31BDFDFCC3}.Debug|x64.ActiveCfg = Debug|x64
		{647A803E-941F-347F-9AFD-1E31BDFDFCC3}.Release|x64.ActiveCfg = Release|x64
		{B515A6CD-3265-3CD6-8B2C-9153C8A757F1}.Debug|x64.ActiveCfg = Debug|x64
		{B515A6CD-3265-3CD6-8B2C-9153C8A757F1}.Debug|x64.Build.0 = Debug|x64
		{B515A6CD-3265-3CD6-8B2C-9153C8A757F1}.Release|x64.ActiveCfg = Release|x64
		{B515A6CD-3265-3CD6-8B2C-9153C8A757F1}.Release|x64.Build.0 = Release|x64
		{3D0BBFCD-576A-300E-92F6-622F88D0964B}.Debug|x64.ActiveCfg = Debug|x64
		{3D0BBFCD-576A-300E-92F6-622F88D0964B}.Debug|x64.Build.0 = Debug|x64
		{3D0BBFCD-576A-300E-92F6-622F88D0964B}.Release|x64.ActiveCfg = Release|x64
		{3D0BBFCD-576A-300E-92F6-622F88D0964B}.Release|x64.Build.0 = Release|x64
		{8613FEC3-F1EA-3952-B5DA-0F35D9E339C0}.Debug|x64.ActiveCfg = Debug|x64
		{8613FEC3-F1EA-3952-B5DA-0F35D9E339C0}.Debug|x64.Build.0 = Debug|x64
		{8613FEC3-F1EA-3952-B5DA-0F35D9E339C0}.Release|x64.ActiveCfg = Release|x64
		{8613FEC3-F1EA-3952-B5DA-0F35D9E339C0}.Release|x64.Build.0 = Release|x64
		{06AFC35E-62D4-34FA-88F2-390175824826}.Debug|x64.ActiveCfg = Debug|x64
		{06AFC35E-62D4-34FA-88F2-390175824826}.Debug|x64.Build.0 = Debug|x64
		{06AFC35E-62D4-34FA-88F2-390175824826}.Release|x64.ActiveCfg = Release|x64
		{06AFC35E-62D4-34FA-88F2-390175824826}.Release|x64.Build.0 = Release|x64
	EndGlobalSection
	GlobalSection(NestedProjects) = preSolution
		{647A803E-941F-347F-9AFD-1E31BDFDFCC3} = {554649FD-8C4F-32FD-862A-E1AE5A1D5FF3}
		{06AFC35E-62D4-34FA-88F2-390175824826} = {554649FD-8C4F-32FD-862A-E1AE5A1D5FF3}
	EndGlobalSection
	GlobalSection(ExtensibilityGlobals) = postSolution
		SolutionGuid = {A0B2E6ED-2EAA-3550-932A-FC81E69C3480}
	EndGlobalSection
	GlobalSection(ExtensibilityAddIns) = postSolution
	EndGlobalSection
EndGlobal
