
Microsoft Visual Studio Solution File, Format Version 12.00
# Visual Studio Version 17
Project("{2150E333-8FDC-42A3-9474-1A3956D46DE8}") = "CMakePredefinedTargets", "CMakePredefinedTargets", "{FE022BED-083D-3360-BBE5-BE8833102CB8}"
EndProject
Project("{8BC9CEB8-8B4A-11D0-8D11-00A0C91BC942}") = "CSC8503", "CSC8503\CSC8503.vcxproj", "{1FD5A9E1-793E-3FD1-998D-8B41FCCF36B6}"
	ProjectSection(ProjectDependencies) = postProject
		{53B3AAD5-C613-36A2-944A-B01E3AFBFE26} = {53B3AAD5-C613-36A2-944A-B01E3AFBFE26}
		{75C7A65D-ED37-38D4-B9D7-0875584146C8} = {75C7A65D-ED37-38D4-B9D7-0875584146C8}
		{28CC9B02-3CDE-39FB-831D-44EDAFCB0432} = {28CC9B02-3CDE-39FB-831D-44EDAFCB0432}
		{DAB54852-6EC0-3BDA-BFD1-0F397D9C5903} = {DAB54852-6EC0-3BDA-BFD1-0F397D9C5903}
	EndProjectSection
EndProject
Project("{8BC9CEB8-8B4A-11D0-8D11-00A0C91BC942}") = "ALL_BUILD", "ALL_BUILD.vcxproj", "{4F317F93-CEB4-320E-81AF-0D6C39156F49}"
	ProjectSection(ProjectDependencies) = postProject
		{1FD5A9E1-793E-3FD1-998D-8B41FCCF36B6} = {1FD5A9E1-793E-3FD1-998D-8B41FCCF36B6}
		{53B3AAD5-C613-36A2-944A-B01E3AFBFE26} = {53B3AAD5-C613-36A2-944A-B01E3AFBFE26}
		{75C7A65D-ED37-38D4-B9D7-0875584146C8} = {75C7A65D-ED37-38D4-B9D7-0875584146C8}
		{28CC9B02-3CDE-39FB-831D-44EDAFCB0432} = {28CC9B02-3CDE-39FB-831D-44EDAFCB0432}
		{DAB54852-6EC0-3BDA-BFD1-0F397D9C5903} = {DAB54852-6EC0-3BDA-BFD1-0F397D9C5903}
	EndProjectSection
EndProject
Project("{8BC9CEB8-8B4A-11D0-8D11-00A0C91BC942}") = "CSC8503CoreClasses", "CSC8503CoreClasses\CSC8503CoreClasses.vcxproj", "{53B3AAD5-C613-36A2-944A-B01E3AFBFE26}"
	ProjectSection(ProjectDependencies) = postProject
		{DAB54852-6EC0-3BDA-BFD1-0F397D9C5903} = {DAB54852-6EC0-3BDA-BFD1-0F397D9C5903}
	EndProjectSection
EndProject
Project("{8BC9CEB8-8B4A-11D0-8D11-00A0C91BC942}") = "NCLCoreClasses", "NCLCoreClasses\NCLCoreClasses.vcxproj", "{75C7A65D-ED37-38D4-B9D7-0875584146C8}"
	ProjectSection(ProjectDependencies) = postProject
		{DAB54852-6EC0-3BDA-BFD1-0F397D9C5903} = {DAB54852-6EC0-3BDA-BFD1-0F397D9C5903}
	EndProjectSection
EndProject
Project("{8BC9CEB8-8B4A-11D0-8D11-00A0C91BC942}") = "OpenGLRendering", "OpenGLRendering\OpenGLRendering.vcxproj", "{28CC9B02-3CDE-39FB-831D-44EDAFCB0432}"
	ProjectSection(ProjectDependencies) = postProject
		{75C7A65D-ED37-38D4-B9D7-0875584146C8} = {75C7A65D-ED37-38D4-B9D7-0875584146C8}
		{DAB54852-6EC0-3BDA-BFD1-0F397D9C5903} = {DAB54852-6EC0-3BDA-BFD1-0F397D9C5903}
	EndProjectSection
EndProject
Project("{8BC9CEB8-8B4A-11D0-8D11-00A0C91BC942}") = "ZERO_CHECK", "ZERO_CHECK.vcxproj", "{DAB54852-6EC0-3BDA-BFD1-0F397D9C5903}"
	ProjectSection(ProjectDependencies) = postProject
	EndProjectSection
EndProject
Global
	GlobalSection(SolutionConfigurationPlatforms) = preSolution
		Debug|x64 = Debug|x64
		Release|x64 = Release|x64
	EndGlobalSection
	GlobalSection(ProjectConfigurationPlatforms) = postSolution
		{1FD5A9E1-793E-3FD1-998D-8B41FCCF36B6}.Debug|x64.ActiveCfg = Debug|x64
		{1FD5A9E1-793E-3FD1-998D-8B41FCCF36B6}.Debug|x64.Build.0 = Debug|x64
		{1FD5A9E1-793E-3FD1-998D-8B41FCCF36B6}.Release|x64.ActiveCfg = Release|x64
		{1FD5A9E1-793E-3FD1-998D-8B41FCCF36B6}.Release|x64.Build.0 = Release|x64
		{4F317F93-CEB4-320E-81AF-0D6C39156F49}.Debug|x64.ActiveCfg = Debug|x64
		{4F317F93-CEB4-320E-81AF-0D6C39156F49}.Release|x64.ActiveCfg = Release|x64
		{53B3AAD5-C613-36A2-944A-B01E3AFBFE26}.Debug|x64.ActiveCfg = Debug|x64
		{53B3AAD5-C613-36A2-944A-B01E3AFBFE26}.Debug|x64.Build.0 = Debug|x64
		{53B3AAD5-C613-36A2-944A-B01E3AFBFE26}.Release|x64.ActiveCfg = Release|x64
		{53B3AAD5-C613-36A2-944A-B01E3AFBFE26}.Release|x64.Build.0 = Release|x64
		{75C7A65D-ED37-38D4-B9D7-0875584146C8}.Debug|x64.ActiveCfg = Debug|x64
		{75C7A65D-ED37-38D4-B9D7-0875584146C8}.Debug|x64.Build.0 = Debug|x64
		{75C7A65D-ED37-38D4-B9D7-0875584146C8}.Release|x64.ActiveCfg = Release|x64
		{75C7A65D-ED37-38D4-B9D7-0875584146C8}.Release|x64.Build.0 = Release|x64
		{28CC9B02-3CDE-39FB-831D-44EDAFCB0432}.Debug|x64.ActiveCfg = Debug|x64
		{28CC9B02-3CDE-39FB-831D-44EDAFCB0432}.Debug|x64.Build.0 = Debug|x64
		{28CC9B02-3CDE-39FB-831D-44EDAFCB0432}.Release|x64.ActiveCfg = Release|x64
		{28CC9B02-3CDE-39FB-831D-44EDAFCB0432}.Release|x64.Build.0 = Release|x64
		{DAB54852-6EC0-3BDA-BFD1-0F397D9C5903}.Debug|x64.ActiveCfg = Debug|x64
		{DAB54852-6EC0-3BDA-BFD1-0F397D9C5903}.Debug|x64.Build.0 = Debug|x64
		{DAB54852-6EC0-3BDA-BFD1-0F397D9C5903}.Release|x64.ActiveCfg = Release|x64
		{DAB54852-6EC0-3BDA-BFD1-0F397D9C5903}.Release|x64.Build.0 = Release|x64
	EndGlobalSection
	GlobalSection(NestedProjects) = preSolution
		{4F317F93-CEB4-320E-81AF-0D6C39156F49} = {FE022BED-083D-3360-BBE5-BE8833102CB8}
		{DAB54852-6EC0-3BDA-BFD1-0F397D9C5903} = {FE022BED-083D-3360-BBE5-BE8833102CB8}
	EndGlobalSection
	GlobalSection(ExtensibilityGlobals) = postSolution
		SolutionGuid = {C13CC657-2105-344D-94FF-68E37B654864}
	EndGlobalSection
	GlobalSection(ExtensibilityAddIns) = postSolution
	EndGlobalSection
EndGlobal
