<?xml version="1.0" encoding="utf-8"?>
<Project ToolsVersion="17.0" xmlns="http://schemas.microsoft.com/developer/msbuild/2003">
  <ItemGroup>
    <CustomBuild Include="C:\Git\MastersTeamProject\AdvancedGameTechnologies\CMakeFiles\96b93f259ede5a9cfe3fa93e6412dc43\generate.stamp.rule">
      <Filter>CMake Rules</Filter>
    </CustomBuild>
  </ItemGroup>
  <ItemGroup>
    <Filter Include="CMake Rules">
      <UniqueIdentifier>{EFC8BEBD-F880-3A0E-AA03-39FC1EE62066}</UniqueIdentifier>
    </Filter>
  </ItemGroup>
</Project>
