<?xml version="1.0" encoding="utf-8"?>
<Project ToolsVersion="17.0" xmlns="http://schemas.microsoft.com/developer/msbuild/2003">
  <ItemGroup>
    <ClCompile Include="C:\Git\MastersTeamProject-bow\AdvancedGameTechnologies\CSC8503\CMakeFiles\CSC8503.dir\cmake_pch.hxx.cxx">
      <Filter>Source Files</Filter>
    </ClCompile>
    <ClCompile Include="C:\Git\MastersTeamProject-bow\AdvancedGameTechnologies\CSC8503\Animator.cpp">
      <Filter>Source Files</Filter>
    </ClCompile>
    <ClCompile Include="C:\Git\MastersTeamProject-bow\AdvancedGameTechnologies\CSC8503\AssetManager.cpp">
      <Filter>Source Files</Filter>
    </ClCompile>
    <ClCompile Include="C:\Git\MastersTeamProject-bow\AdvancedGameTechnologies\CSC8503\Bullet.cpp">
      <Filter>Source Files</Filter>
    </ClCompile>
    <ClCompile Include="C:\Git\MastersTeamProject-bow\AdvancedGameTechnologies\CSC8503\CatCoin.cpp">
      <Filter>Source Files</Filter>
    </ClCompile>
    <ClCompile Include="C:\Git\MastersTeamProject-bow\AdvancedGameTechnologies\CSC8503\Door.cpp">
      <Filter>Source Files</Filter>
    </ClCompile>
    <ClCompile Include="C:\Git\MastersTeamProject-bow\AdvancedGameTechnologies\CSC8503\Enemy.cpp">
      <Filter>Source Files</Filter>
    </ClCompile>
    <ClCompile Include="C:\Git\MastersTeamProject-bow\AdvancedGameTechnologies\CSC8503\GameNet.cpp">
      <Filter>Source Files</Filter>
    </ClCompile>
    <ClCompile Include="C:\Git\MastersTeamProject-bow\AdvancedGameTechnologies\CSC8503\GameTechAGCRenderer.cpp">
      <Filter>Source Files</Filter>
    </ClCompile>
    <ClCompile Include="C:\Git\MastersTeamProject-bow\AdvancedGameTechnologies\CSC8503\GameTechRenderer.cpp">
      <Filter>Source Files</Filter>
    </ClCompile>
    <ClCompile Include="C:\Git\MastersTeamProject-bow\AdvancedGameTechnologies\CSC8503\GameTechRendererInterface.cpp">
      <Filter>Source Files</Filter>
    </ClCompile>
    <ClCompile Include="C:\Git\MastersTeamProject-bow\AdvancedGameTechnologies\CSC8503\HeightMap.cpp">
      <Filter>Source Files</Filter>
    </ClCompile>
    <ClCompile Include="C:\Git\MastersTeamProject-bow\AdvancedGameTechnologies\CSC8503\Main.cpp">
      <Filter>Source Files</Filter>
    </ClCompile>
    <ClCompile Include="C:\Git\MastersTeamProject-bow\AdvancedGameTechnologies\CSC8503\NetworkPlayer.cpp">
      <Filter>Source Files</Filter>
    </ClCompile>
    <ClCompile Include="C:\Git\MastersTeamProject-bow\AdvancedGameTechnologies\CSC8503\NetworkedGame.cpp">
      <Filter>Source Files</Filter>
    </ClCompile>
    <ClCompile Include="C:\Git\MastersTeamProject-bow\AdvancedGameTechnologies\CSC8503\Pistol.cpp">
      <Filter>Source Files</Filter>
    </ClCompile>
    <ClCompile Include="C:\Git\MastersTeamProject-bow\AdvancedGameTechnologies\CSC8503\Player.cpp">
      <Filter>Source Files</Filter>
    </ClCompile>
    <ClCompile Include="C:\Git\MastersTeamProject-bow\AdvancedGameTechnologies\CSC8503\Rope.cpp">
      <Filter>Source Files</Filter>
    </ClCompile>
    <ClCompile Include="C:\Git\MastersTeamProject-bow\AdvancedGameTechnologies\CSC8503\SampleSphere.cpp">
      <Filter>Source Files</Filter>
    </ClCompile>
    <ClCompile Include="C:\Git\MastersTeamProject-bow\AdvancedGameTechnologies\CSC8503\SceneManager.cpp">
      <Filter>Source Files</Filter>
    </ClCompile>
    <ClCompile Include="C:\Git\MastersTeamProject-bow\AdvancedGameTechnologies\CSC8503\StateGameObject.cpp">
      <Filter>Source Files</Filter>
    </ClCompile>
    <ClCompile Include="C:\Git\MastersTeamProject-bow\AdvancedGameTechnologies\CSC8503\ThirdPersonCamera.cpp">
      <Filter>Source Files</Filter>
    </ClCompile>
    <ClCompile Include="C:\Git\MastersTeamProject-bow\AdvancedGameTechnologies\CSC8503\TutorialGame.cpp">
      <Filter>Source Files</Filter>
    </ClCompile>
    <ClCompile Include="C:\Git\MastersTeamProject-bow\AdvancedGameTechnologies\CSC8503\Weapon.cpp">
      <Filter>Source Files</Filter>
    </ClCompile>
    <ClCompile Include="Enums.cpp" />
  </ItemGroup>
  <ItemGroup>
    <ClInclude Include="C:\Git\MastersTeamProject-bow\AdvancedGameTechnologies\CSC8503\Animator.h">
      <Filter>Header Files</Filter>
    </ClInclude>
    <ClInclude Include="C:\Git\MastersTeamProject-bow\AdvancedGameTechnologies\CSC8503\AssetManager.h">
      <Filter>Header Files</Filter>
    </ClInclude>
    <ClInclude Include="C:\Git\MastersTeamProject-bow\AdvancedGameTechnologies\CSC8503\Bullet.h">
      <Filter>Header Files</Filter>
    </ClInclude>
    <ClInclude Include="C:\Git\MastersTeamProject-bow\AdvancedGameTechnologies\CSC8503\CatCoin.h">
      <Filter>Header Files</Filter>
    </ClInclude>
    <ClInclude Include="C:\Git\MastersTeamProject-bow\AdvancedGameTechnologies\CSC8503\Door.h">
      <Filter>Header Files</Filter>
    </ClInclude>
    <ClInclude Include="C:\Git\MastersTeamProject-bow\AdvancedGameTechnologies\CSC8503\Enemy.h">
      <Filter>Header Files</Filter>
    </ClInclude>
    <ClInclude Include="C:\Git\MastersTeamProject-bow\AdvancedGameTechnologies\CSC8503\GameNet.h">
      <Filter>Header Files</Filter>
    </ClInclude>
    <ClInclude Include="C:\Git\MastersTeamProject-bow\AdvancedGameTechnologies\CSC8503\GameTechAGCRenderer.h">
      <Filter>Header Files</Filter>
    </ClInclude>
    <ClInclude Include="C:\Git\MastersTeamProject-bow\AdvancedGameTechnologies\CSC8503\GameTechRenderer.h">
      <Filter>Header Files</Filter>
    </ClInclude>
    <ClInclude Include="C:\Git\MastersTeamProject-bow\AdvancedGameTechnologies\CSC8503\GameTechRendererInterface.h">
      <Filter>Header Files</Filter>
    </ClInclude>
    <ClInclude Include="C:\Git\MastersTeamProject-bow\AdvancedGameTechnologies\CSC8503\HeightMap.h">
      <Filter>Header Files</Filter>
    </ClInclude>
    <ClInclude Include="C:\Git\MastersTeamProject-bow\AdvancedGameTechnologies\CSC8503\NetworkPlayer.h">
      <Filter>Header Files</Filter>
    </ClInclude>
    <ClInclude Include="C:\Git\MastersTeamProject-bow\AdvancedGameTechnologies\CSC8503\NetworkedGame.h">
      <Filter>Header Files</Filter>
    </ClInclude>
    <ClInclude Include="C:\Git\MastersTeamProject-bow\AdvancedGameTechnologies\CSC8503\Pistol.h">
      <Filter>Header Files</Filter>
    </ClInclude>
    <ClInclude Include="C:\Git\MastersTeamProject-bow\AdvancedGameTechnologies\CSC8503\Player.h">
      <Filter>Header Files</Filter>
    </ClInclude>
    <ClInclude Include="C:\Git\MastersTeamProject-bow\AdvancedGameTechnologies\CSC8503\Rope.h">
      <Filter>Header Files</Filter>
    </ClInclude>
    <ClInclude Include="C:\Git\MastersTeamProject-bow\AdvancedGameTechnologies\CSC8503\SampleSphere.h">
      <Filter>Header Files</Filter>
    </ClInclude>
    <ClInclude Include="C:\Git\MastersTeamProject-bow\AdvancedGameTechnologies\CSC8503\SceneManager.h">
      <Filter>Header Files</Filter>
    </ClInclude>
    <ClInclude Include="C:\Git\MastersTeamProject-bow\AdvancedGameTechnologies\CSC8503\StateGameObject.h">
      <Filter>Header Files</Filter>
    </ClInclude>
    <ClInclude Include="C:\Git\MastersTeamProject-bow\AdvancedGameTechnologies\CSC8503\ThirdPersonCamera.h">
      <Filter>Header Files</Filter>
    </ClInclude>
    <ClInclude Include="C:\Git\MastersTeamProject-bow\AdvancedGameTechnologies\CSC8503\TutorialGame.h">
      <Filter>Header Files</Filter>
    </ClInclude>
    <ClInclude Include="C:\Git\MastersTeamProject-bow\AdvancedGameTechnologies\CSC8503\Weapon.h">
      <Filter>Header Files</Filter>
    </ClInclude>
    <ClInclude Include="C:\Git\MastersTeamProject-bow\AdvancedGameTechnologies\CSC8503\stb_perlin.h">
      <Filter>Header Files</Filter>
    </ClInclude>
    <ClInclude Include="C:\Git\MastersTeamProject-bow\AdvancedGameTechnologies\CSC8503\CMakeFiles\CSC8503.dir\Debug\cmake_pch.hxx">
      <Filter>Precompile Header File</Filter>
    </ClInclude>
    <ClInclude Include="C:\Git\MastersTeamProject-bow\AdvancedGameTechnologies\CSC8503\CMakeFiles\CSC8503.dir\Release\cmake_pch.hxx">
      <Filter>Precompile Header File</Filter>
    </ClInclude>
    <ClInclude Include="Enums.h" />
  </ItemGroup>
  <ItemGroup>
    <CustomBuild Include="C:\Git\MastersTeamProject-bow\AdvancedGameTechnologies\CSC8503\CMakeLists.txt" />
  </ItemGroup>
  <ItemGroup>
    <Image Include="C:\Git\MastersTeamProject-bow\AdvancedGameTechnologies\Assets\Textures\Cubemap\skyrender0001.png">
      <Filter>Texture Files</Filter>
    </Image>
    <Image Include="C:\Git\MastersTeamProject-bow\AdvancedGameTechnologies\Assets\Textures\Cubemap\skyrender0002.png">
      <Filter>Texture Files</Filter>
    </Image>
    <Image Include="C:\Git\MastersTeamProject-bow\AdvancedGameTechnologies\Assets\Textures\Cubemap\skyrender0003.png">
      <Filter>Texture Files</Filter>
    </Image>
    <Image Include="C:\Git\MastersTeamProject-bow\AdvancedGameTechnologies\Assets\Textures\Cubemap\skyrender0004.png">
      <Filter>Texture Files</Filter>
    </Image>
    <Image Include="C:\Git\MastersTeamProject-bow\AdvancedGameTechnologies\Assets\Textures\Cubemap\skyrender0005.png">
      <Filter>Texture Files</Filter>
    </Image>
    <Image Include="C:\Git\MastersTeamProject-bow\AdvancedGameTechnologies\Assets\Textures\Cubemap\skyrender0006.png">
      <Filter>Texture Files</Filter>
    </Image>
    <Image Include="C:\Git\MastersTeamProject-bow\AdvancedGameTechnologies\Assets\Textures\Default.png">
      <Filter>Texture Files</Filter>
    </Image>
    <Image Include="C:\Git\MastersTeamProject-bow\AdvancedGameTechnologies\Assets\Textures\GoatBeige.png">
      <Filter>Texture Files</Filter>
    </Image>
    <Image Include="C:\Git\MastersTeamProject-bow\AdvancedGameTechnologies\Assets\Textures\GoatBlack.png">
      <Filter>Texture Files</Filter>
    </Image>
    <Image Include="C:\Git\MastersTeamProject-bow\AdvancedGameTechnologies\Assets\Textures\GoatBlack2.png">
      <Filter>Texture Files</Filter>
    </Image>
    <Image Include="C:\Git\MastersTeamProject-bow\AdvancedGameTechnologies\Assets\Textures\GoatBody.png">
      <Filter>Texture Files</Filter>
    </Image>
    <Image Include="C:\Git\MastersTeamProject-bow\AdvancedGameTechnologies\Assets\Textures\GoatBrown.png">
      <Filter>Texture Files</Filter>
    </Image>
    <Image Include="C:\Git\MastersTeamProject-bow\AdvancedGameTechnologies\Assets\Textures\MB_BodyNone_Guard_Albedo.png">
      <Filter>Texture Files</Filter>
    </Image>
    <Image Include="C:\Git\MastersTeamProject-bow\AdvancedGameTechnologies\Assets\Textures\MB_Head_White01_Albedo.png">
      <Filter>Texture Files</Filter>
    </Image>
    <Image Include="C:\Git\MastersTeamProject-bow\AdvancedGameTechnologies\Assets\Textures\Metal.png">
      <Filter>Texture Files</Filter>
    </Image>
    <Image Include="C:\Git\MastersTeamProject-bow\AdvancedGameTechnologies\Assets\Textures\Metal053B_1K-PNG_Color.png">
      <Filter>Texture Files</Filter>
    </Image>
    <Image Include="C:\Git\MastersTeamProject-bow\AdvancedGameTechnologies\Assets\Textures\PressStart2P.png">
      <Filter>Texture Files</Filter>
    </Image>
    <Image Include="C:\Git\MastersTeamProject-bow\AdvancedGameTechnologies\Assets\Textures\Tiles.png">
      <Filter>Texture Files</Filter>
    </Image>
    <Image Include="C:\Git\MastersTeamProject-bow\AdvancedGameTechnologies\Assets\Textures\WoodFloor.png">
      <Filter>Texture Files</Filter>
    </Image>
    <Image Include="C:\Git\MastersTeamProject-bow\AdvancedGameTechnologies\Assets\Textures\checkerboard.png">
      <Filter>Texture Files</Filter>
    </Image>
    <Image Include="C:\Git\MastersTeamProject-bow\AdvancedGameTechnologies\Assets\Textures\wood.png">
      <Filter>Texture Files</Filter>
    </Image>
  </ItemGroup>
  <ItemGroup>
    <None Include="C:\Git\MastersTeamProject-bow\AdvancedGameTechnologies\Assets\Textures\Skybox.dds">
      <Filter>Texture Files</Filter>
    </None>
  </ItemGroup>
  <ItemGroup>
    <WavePsslc Include="C:\Git\MastersTeamProject-bow\AdvancedGameTechnologies\Assets\Shaders\PSSL\DebugLine_p.pssl">
      <Filter>Shader Files</Filter>
    </WavePsslc>
    <WavePsslc Include="C:\Git\MastersTeamProject-bow\AdvancedGameTechnologies\Assets\Shaders\PSSL\DebugLine_vv.pssl">
      <Filter>Shader Files</Filter>
    </WavePsslc>
    <WavePsslc Include="C:\Git\MastersTeamProject-bow\AdvancedGameTechnologies\Assets\Shaders\PSSL\DebugText_p.pssl">
      <Filter>Shader Files</Filter>
    </WavePsslc>
    <WavePsslc Include="C:\Git\MastersTeamProject-bow\AdvancedGameTechnologies\Assets\Shaders\PSSL\DebugText_vv.pssl">
      <Filter>Shader Files</Filter>
    </WavePsslc>
    <WavePsslc Include="C:\Git\MastersTeamProject-bow\AdvancedGameTechnologies\Assets\Shaders\PSSL\PixelShader_p.pssl">
      <Filter>Shader Files</Filter>
    </WavePsslc>
    <WavePsslc Include="C:\Git\MastersTeamProject-bow\AdvancedGameTechnologies\Assets\Shaders\PSSL\Shadow_p.pssl">
      <Filter>Shader Files</Filter>
    </WavePsslc>
    <WavePsslc Include="C:\Git\MastersTeamProject-bow\AdvancedGameTechnologies\Assets\Shaders\PSSL\Shadow_vv.pssl">
      <Filter>Shader Files</Filter>
    </WavePsslc>
    <WavePsslc Include="C:\Git\MastersTeamProject-bow\AdvancedGameTechnologies\Assets\Shaders\PSSL\Skybox_p.pssl">
      <Filter>Shader Files</Filter>
    </WavePsslc>
    <WavePsslc Include="C:\Git\MastersTeamProject-bow\AdvancedGameTechnologies\Assets\Shaders\PSSL\Skybox_vv.pssl">
      <Filter>Shader Files</Filter>
    </WavePsslc>
    <WavePsslc Include="C:\Git\MastersTeamProject-bow\AdvancedGameTechnologies\Assets\Shaders\PSSL\Tech_p.pssl">
      <Filter>Shader Files</Filter>
    </WavePsslc>
    <WavePsslc Include="C:\Git\MastersTeamProject-bow\AdvancedGameTechnologies\Assets\Shaders\PSSL\Tech_vv.pssl">
      <Filter>Shader Files</Filter>
    </WavePsslc>
    <WavePsslc Include="C:\Git\MastersTeamProject-bow\AdvancedGameTechnologies\Assets\Shaders\PSSL\VertexShader_vv.pssl">
      <Filter>Shader Files</Filter>
    </WavePsslc>
    <WavePsslc Include="C:\Git\MastersTeamProject-bow\AdvancedGameTechnologies\Assets\Shaders\PSSL\gamma_c.pssl">
      <Filter>Shader Files</Filter>
    </WavePsslc>
    <WavePsslc Include="C:\Git\MastersTeamProject-bow\AdvancedGameTechnologies\Assets\Shaders\PSSL\skinning_c.pssl">
      <Filter>Shader Files</Filter>
    </WavePsslc>
  </ItemGroup>
  <ItemGroup>
    <Filter Include="Header Files">
      <UniqueIdentifier>{23EB7420-70A8-3EDE-9B01-4DFE39CF5053}</UniqueIdentifier>
    </Filter>
    <Filter Include="Precompile Header File">
      <UniqueIdentifier>{7A67A297-8F19-3DE8-ADDE-AF0F5073DBFB}</UniqueIdentifier>
    </Filter>
    <Filter Include="Shader Files">
      <UniqueIdentifier>{8216D9FA-88AB-3746-AE61-B2E1B77BEF91}</UniqueIdentifier>
    </Filter>
    <Filter Include="Source Files">
      <UniqueIdentifier>{7DA890C3-7979-3370-8C6F-F63EF40CD535}</UniqueIdentifier>
    </Filter>
    <Filter Include="Texture Files">
      <UniqueIdentifier>{543A8E72-9A73-34E7-9880-D177B26AEE3B}</UniqueIdentifier>
    </Filter>
  </ItemGroup>
</Project>