<?xml version="1.0" encoding="utf-8"?>
<Project ToolsVersion="17.0" xmlns="http://schemas.microsoft.com/developer/msbuild/2003">
  <ItemGroup>
    <ClCompile Include="C:\Git\MastersTeamProject\AdvancedGameTechnologies\CSC8503\CMakeFiles\CSC8503.dir\cmake_pch.cxx">
      <Filter>Source Files</Filter>
    </ClCompile>
    <ClCompile Include="C:\Git\MastersTeamProject\AdvancedGameTechnologies\CSC8503\AssetManager.cpp">
      <Filter>Source Files</Filter>
    </ClCompile>
    <ClCompile Include="C:\Git\MastersTeamProject\AdvancedGameTechnologies\CSC8503\CatCoin.cpp">
      <Filter>Source Files</Filter>
    </ClCompile>
    <ClCompile Include="C:\Git\MastersTeamProject\AdvancedGameTechnologies\CSC8503\Door.cpp">
      <Filter>Source Files</Filter>
    </ClCompile>
    <ClCompile Include="C:\Git\MastersTeamProject\AdvancedGameTechnologies\CSC8503\Enemy.cpp">
      <Filter>Source Files</Filter>
    </ClCompile>
    <ClCompile Include="C:\Git\MastersTeamProject\AdvancedGameTechnologies\CSC8503\GameTechRenderer.cpp">
      <Filter>Source Files</Filter>
    </ClCompile>
    <ClCompile Include="C:\Git\MastersTeamProject\AdvancedGameTechnologies\CSC8503\Main.cpp">
      <Filter>Source Files</Filter>
    </ClCompile>
    <ClCompile Include="C:\Git\MastersTeamProject\AdvancedGameTechnologies\CSC8503\NetworkPlayer.cpp">
      <Filter>Source Files</Filter>
    </ClCompile>
    <ClCompile Include="C:\Git\MastersTeamProject\AdvancedGameTechnologies\CSC8503\NetworkedGame.cpp">
      <Filter>Source Files</Filter>
    </ClCompile>
    <ClCompile Include="C:\Git\MastersTeamProject\AdvancedGameTechnologies\CSC8503\Player.cpp">
      <Filter>Source Files</Filter>
    </ClCompile>
    <ClCompile Include="C:\Git\MastersTeamProject\AdvancedGameTechnologies\CSC8503\Rope.cpp">
      <Filter>Source Files</Filter>
    </ClCompile>
    <ClCompile Include="C:\Git\MastersTeamProject\AdvancedGameTechnologies\CSC8503\SampleSphere.cpp">
      <Filter>Source Files</Filter>
    </ClCompile>
    <ClCompile Include="C:\Git\MastersTeamProject\AdvancedGameTechnologies\CSC8503\SceneManager.cpp">
      <Filter>Source Files</Filter>
    </ClCompile>
    <ClCompile Include="C:\Git\MastersTeamProject\AdvancedGameTechnologies\CSC8503\StateGameObject.cpp">
      <Filter>Source Files</Filter>
    </ClCompile>
    <ClCompile Include="C:\Git\MastersTeamProject\AdvancedGameTechnologies\CSC8503\TutorialGame.cpp">
      <Filter>Source Files</Filter>
    </ClCompile>
  </ItemGroup>
  <ItemGroup>
    <ClInclude Include="C:\Git\MastersTeamProject\AdvancedGameTechnologies\CSC8503\AssetManager.h">
      <Filter>Header Files</Filter>
    </ClInclude>
    <ClInclude Include="C:\Git\MastersTeamProject\AdvancedGameTechnologies\CSC8503\CatCoin.h">
      <Filter>Header Files</Filter>
    </ClInclude>
    <ClInclude Include="C:\Git\MastersTeamProject\AdvancedGameTechnologies\CSC8503\Door.h">
      <Filter>Header Files</Filter>
    </ClInclude>
    <ClInclude Include="C:\Git\MastersTeamProject\AdvancedGameTechnologies\CSC8503\Enemy.h">
      <Filter>Header Files</Filter>
    </ClInclude>
    <ClInclude Include="C:\Git\MastersTeamProject\AdvancedGameTechnologies\CSC8503\GameTechRenderer.h">
      <Filter>Header Files</Filter>
    </ClInclude>
    <ClInclude Include="C:\Git\MastersTeamProject\AdvancedGameTechnologies\CSC8503\NetworkPlayer.h">
      <Filter>Header Files</Filter>
    </ClInclude>
    <ClInclude Include="C:\Git\MastersTeamProject\AdvancedGameTechnologies\CSC8503\NetworkedGame.h">
      <Filter>Header Files</Filter>
    </ClInclude>
    <ClInclude Include="C:\Git\MastersTeamProject\AdvancedGameTechnologies\CSC8503\Player.h">
      <Filter>Header Files</Filter>
    </ClInclude>
    <ClInclude Include="C:\Git\MastersTeamProject\AdvancedGameTechnologies\CSC8503\Rope.h">
      <Filter>Header Files</Filter>
    </ClInclude>
    <ClInclude Include="C:\Git\MastersTeamProject\AdvancedGameTechnologies\CSC8503\SampleSphere.h">
      <Filter>Header Files</Filter>
    </ClInclude>
    <ClInclude Include="C:\Git\MastersTeamProject\AdvancedGameTechnologies\CSC8503\SceneManager.h">
      <Filter>Header Files</Filter>
    </ClInclude>
    <ClInclude Include="C:\Git\MastersTeamProject\AdvancedGameTechnologies\CSC8503\StateGameObject.h">
      <Filter>Header Files</Filter>
    </ClInclude>
    <ClInclude Include="C:\Git\MastersTeamProject\AdvancedGameTechnologies\CSC8503\TutorialGame.h">
      <Filter>Header Files</Filter>
    </ClInclude>
    <ClInclude Include="C:\Git\MastersTeamProject\AdvancedGameTechnologies\CSC8503\CMakeFiles\CSC8503.dir\Debug\cmake_pch.hxx">
      <Filter>Precompile Header File</Filter>
    </ClInclude>
    <ClInclude Include="C:\Git\MastersTeamProject\AdvancedGameTechnologies\CSC8503\CMakeFiles\CSC8503.dir\Release\cmake_pch.hxx">
      <Filter>Precompile Header File</Filter>
    </ClInclude>
  </ItemGroup>
  <ItemGroup>
    <CustomBuild Include="C:\Git\MastersTeamProject\AdvancedGameTechnologies\CSC8503\CMakeLists.txt" />
  </ItemGroup>
  <ItemGroup>
    <Filter Include="Header Files">
      <UniqueIdentifier>{17623B21-4827-3AAA-930C-E467AC58BE7D}</UniqueIdentifier>
    </Filter>
    <Filter Include="Precompile Header File">
      <UniqueIdentifier>{04369F10-D462-3EDC-A90C-109E0A5C3866}</UniqueIdentifier>
    </Filter>
    <Filter Include="Source Files">
      <UniqueIdentifier>{0449FEB1-1118-3A8E-AADF-89664DD21215}</UniqueIdentifier>
    </Filter>
  </ItemGroup>
</Project>
