<?xml version="1.0" encoding="utf-8"?>
<Project ToolsVersion="17.0" xmlns="http://schemas.microsoft.com/developer/msbuild/2003">
  <ItemGroup>
    <ClCompile Include="C:\Git\MastersTeamProject-bow\AdvancedGameTechnologies\CSC8503CoreClasses\CMakeFiles\CSC8503CoreClasses.dir\cmake_pch.hxx.cxx">
      <Filter>Source Files</Filter>
    </ClCompile>
    <ClCompile Include="C:\Git\MastersTeamProject-bow\AdvancedGameTechnologies\CSC8503CoreClasses\Debug.h">
      <Filter>Header Files</Filter>
    </ClCompile>
    <ClCompile Include="C:\Git\MastersTeamProject-bow\AdvancedGameTechnologies\CSC8503CoreClasses\GameObject.h">
      <Filter>Header Files</Filter>
    </ClCompile>
    <ClCompile Include="C:\Git\MastersTeamProject-bow\AdvancedGameTechnologies\CSC8503CoreClasses\GameWorld.h">
      <Filter>Header Files</Filter>
    </ClCompile>
    <ClCompile Include="C:\Git\MastersTeamProject-bow\AdvancedGameTechnologies\CSC8503CoreClasses\RenderObject.h">
      <Filter>Header Files</Filter>
    </ClCompile>
    <ClCompile Include="C:\Git\MastersTeamProject-bow\AdvancedGameTechnologies\CSC8503CoreClasses\Transform.h">
      <Filter>Header Files</Filter>
    </ClCompile>
    <ClCompile Include="C:\Git\MastersTeamProject-bow\AdvancedGameTechnologies\CSC8503CoreClasses\Debug.cpp">
      <Filter>Source Files</Filter>
    </ClCompile>
    <ClCompile Include="C:\Git\MastersTeamProject-bow\AdvancedGameTechnologies\CSC8503CoreClasses\GameObject.cpp">
      <Filter>Source Files</Filter>
    </ClCompile>
    <ClCompile Include="C:\Git\MastersTeamProject-bow\AdvancedGameTechnologies\CSC8503CoreClasses\GameWorld.cpp">
      <Filter>Source Files</Filter>
    </ClCompile>
    <ClCompile Include="C:\Git\MastersTeamProject-bow\AdvancedGameTechnologies\CSC8503CoreClasses\RenderObject.cpp">
      <Filter>Source Files</Filter>
    </ClCompile>
    <ClCompile Include="C:\Git\MastersTeamProject-bow\AdvancedGameTechnologies\CSC8503CoreClasses\Transform.cpp">
      <Filter>Source Files</Filter>
    </ClCompile>
    <ClCompile Include="C:\Git\MastersTeamProject-bow\AdvancedGameTechnologies\CSC8503CoreClasses\BehaviourAction.h">
      <Filter>AI\Behaviour Trees</Filter>
    </ClCompile>
    <ClCompile Include="C:\Git\MastersTeamProject-bow\AdvancedGameTechnologies\CSC8503CoreClasses\BehaviourNode.h">
      <Filter>AI\Behaviour Trees</Filter>
    </ClCompile>
    <ClCompile Include="C:\Git\MastersTeamProject-bow\AdvancedGameTechnologies\CSC8503CoreClasses\BehaviourNodeWithChildren.h">
      <Filter>AI\Behaviour Trees</Filter>
    </ClCompile>
    <ClCompile Include="C:\Git\MastersTeamProject-bow\AdvancedGameTechnologies\CSC8503CoreClasses\BehaviourSelector.h">
      <Filter>AI\Behaviour Trees</Filter>
    </ClCompile>
    <ClCompile Include="C:\Git\MastersTeamProject-bow\AdvancedGameTechnologies\CSC8503CoreClasses\BehaviourSelector.cpp">
      <Filter>AI\Behaviour Trees</Filter>
    </ClCompile>
    <ClCompile Include="C:\Git\MastersTeamProject-bow\AdvancedGameTechnologies\CSC8503CoreClasses\BehaviourSequence.h">
      <Filter>AI\Behaviour Trees</Filter>
    </ClCompile>
    <ClCompile Include="C:\Git\MastersTeamProject-bow\AdvancedGameTechnologies\CSC8503CoreClasses\BehaviourSequence.cpp">
      <Filter>AI\Behaviour Trees</Filter>
    </ClCompile>
    <ClCompile Include="C:\Git\MastersTeamProject-bow\AdvancedGameTechnologies\CSC8503CoreClasses\PushdownMachine.h">
      <Filter>AI\Pushdown Automata</Filter>
    </ClCompile>
    <ClCompile Include="C:\Git\MastersTeamProject-bow\AdvancedGameTechnologies\CSC8503CoreClasses\PushdownMachine.cpp">
      <Filter>AI\Pushdown Automata</Filter>
    </ClCompile>
    <ClCompile Include="C:\Git\MastersTeamProject-bow\AdvancedGameTechnologies\CSC8503CoreClasses\PushdownState.h">
      <Filter>AI\Pushdown Automata</Filter>
    </ClCompile>
    <ClCompile Include="C:\Git\MastersTeamProject-bow\AdvancedGameTechnologies\CSC8503CoreClasses\PushdownState.cpp">
      <Filter>AI\Pushdown Automata</Filter>
    </ClCompile>
    <ClCompile Include="C:\Git\MastersTeamProject-bow\AdvancedGameTechnologies\CSC8503CoreClasses\State.h">
      <Filter>AI\State Machine</Filter>
    </ClCompile>
    <ClCompile Include="C:\Git\MastersTeamProject-bow\AdvancedGameTechnologies\CSC8503CoreClasses\StateMachine.h">
      <Filter>AI\State Machine</Filter>
    </ClCompile>
    <ClCompile Include="C:\Git\MastersTeamProject-bow\AdvancedGameTechnologies\CSC8503CoreClasses\StateMachine.cpp">
      <Filter>AI\State Machine</Filter>
    </ClCompile>
    <ClCompile Include="C:\Git\MastersTeamProject-bow\AdvancedGameTechnologies\CSC8503CoreClasses\StateTransition.h">
      <Filter>AI\State Machine</Filter>
    </ClCompile>
    <ClCompile Include="C:\Git\MastersTeamProject-bow\AdvancedGameTechnologies\CSC8503CoreClasses\NavigationGrid.h">
      <Filter>AI\Pathfinding</Filter>
    </ClCompile>
    <ClCompile Include="C:\Git\MastersTeamProject-bow\AdvancedGameTechnologies\CSC8503CoreClasses\NavigationGrid.cpp">
      <Filter>AI\Pathfinding</Filter>
    </ClCompile>
    <ClCompile Include="C:\Git\MastersTeamProject-bow\AdvancedGameTechnologies\CSC8503CoreClasses\NavigationMesh.cpp">
      <Filter>AI\Pathfinding</Filter>
    </ClCompile>
    <ClCompile Include="C:\Git\MastersTeamProject-bow\AdvancedGameTechnologies\CSC8503CoreClasses\NavigationMesh.h">
      <Filter>AI\Pathfinding</Filter>
    </ClCompile>
    <ClCompile Include="C:\Git\MastersTeamProject-bow\AdvancedGameTechnologies\CSC8503CoreClasses\NavigationMap.h">
      <Filter>AI\Pathfinding</Filter>
    </ClCompile>
    <ClCompile Include="C:\Git\MastersTeamProject-bow\AdvancedGameTechnologies\CSC8503CoreClasses\NavigationPath.h">
      <Filter>AI\Pathfinding</Filter>
    </ClCompile>
    <ClCompile Include="C:\Git\MastersTeamProject-bow\AdvancedGameTechnologies\CSC8503CoreClasses\AABBVolume.h">
      <Filter>Collision Detection</Filter>
    </ClCompile>
    <ClCompile Include="C:\Git\MastersTeamProject-bow\AdvancedGameTechnologies\CSC8503CoreClasses\CapsuleVolume.h">
      <Filter>Collision Detection</Filter>
    </ClCompile>
    <ClCompile Include="C:\Git\MastersTeamProject-bow\AdvancedGameTechnologies\CSC8503CoreClasses\CapsuleVolume.cpp">
      <Filter>Collision Detection</Filter>
    </ClCompile>
    <ClCompile Include="C:\Git\MastersTeamProject-bow\AdvancedGameTechnologies\CSC8503CoreClasses\CollisionDetection.h">
      <Filter>Collision Detection</Filter>
    </ClCompile>
    <ClCompile Include="C:\Git\MastersTeamProject-bow\AdvancedGameTechnologies\CSC8503CoreClasses\CollisionDetection.cpp">
      <Filter>Collision Detection</Filter>
    </ClCompile>
    <ClCompile Include="C:\Git\MastersTeamProject-bow\AdvancedGameTechnologies\CSC8503CoreClasses\CollisionVolume.h">
      <Filter>Collision Detection</Filter>
    </ClCompile>
    <ClCompile Include="C:\Git\MastersTeamProject-bow\AdvancedGameTechnologies\CSC8503CoreClasses\OBBVolume.h">
      <Filter>Collision Detection</Filter>
    </ClCompile>
    <ClCompile Include="C:\Git\MastersTeamProject-bow\AdvancedGameTechnologies\CSC8503CoreClasses\QuadTree.h">
      <Filter>Collision Detection</Filter>
    </ClCompile>
    <ClCompile Include="C:\Git\MastersTeamProject-bow\AdvancedGameTechnologies\CSC8503CoreClasses\QuadTree.cpp">
      <Filter>Collision Detection</Filter>
    </ClCompile>
    <ClCompile Include="C:\Git\MastersTeamProject-bow\AdvancedGameTechnologies\CSC8503CoreClasses\Ray.h">
      <Filter>Collision Detection</Filter>
    </ClCompile>
    <ClCompile Include="C:\Git\MastersTeamProject-bow\AdvancedGameTechnologies\CSC8503CoreClasses\SphereVolume.h">
      <Filter>Collision Detection</Filter>
    </ClCompile>
    <ClCompile Include="C:\Git\MastersTeamProject-bow\AdvancedGameTechnologies\CSC8503CoreClasses\GameClient.h">
      <Filter>Networking</Filter>
    </ClCompile>
    <ClCompile Include="C:\Git\MastersTeamProject-bow\AdvancedGameTechnologies\CSC8503CoreClasses\GameClient.cpp">
      <Filter>Networking</Filter>
    </ClCompile>
    <ClCompile Include="C:\Git\MastersTeamProject-bow\AdvancedGameTechnologies\CSC8503CoreClasses\GameServer.h">
      <Filter>Networking</Filter>
    </ClCompile>
    <ClCompile Include="C:\Git\MastersTeamProject-bow\AdvancedGameTechnologies\CSC8503CoreClasses\GameServer.cpp">
      <Filter>Networking</Filter>
    </ClCompile>
    <ClCompile Include="C:\Git\MastersTeamProject-bow\AdvancedGameTechnologies\CSC8503CoreClasses\NetworkBase.h">
      <Filter>Networking</Filter>
    </ClCompile>
    <ClCompile Include="C:\Git\MastersTeamProject-bow\AdvancedGameTechnologies\CSC8503CoreClasses\NetworkBase.cpp">
      <Filter>Networking</Filter>
    </ClCompile>
    <ClCompile Include="C:\Git\MastersTeamProject-bow\AdvancedGameTechnologies\CSC8503CoreClasses\NetworkObject.h">
      <Filter>Networking</Filter>
    </ClCompile>
    <ClCompile Include="C:\Git\MastersTeamProject-bow\AdvancedGameTechnologies\CSC8503CoreClasses\NetworkObject.cpp">
      <Filter>Networking</Filter>
    </ClCompile>
    <ClCompile Include="C:\Git\MastersTeamProject-bow\AdvancedGameTechnologies\CSC8503CoreClasses\NetworkState.h">
      <Filter>Networking</Filter>
    </ClCompile>
    <ClCompile Include="C:\Git\MastersTeamProject-bow\AdvancedGameTechnologies\CSC8503CoreClasses\NetworkState.cpp">
      <Filter>Networking</Filter>
    </ClCompile>
    <ClCompile Include="C:\Git\MastersTeamProject-bow\AdvancedGameTechnologies\CSC8503CoreClasses\Constraint.h">
      <Filter>Physics</Filter>
    </ClCompile>
    <ClCompile Include="C:\Git\MastersTeamProject-bow\AdvancedGameTechnologies\CSC8503CoreClasses\PositionConstraint.cpp">
      <Filter>Physics</Filter>
    </ClCompile>
    <ClCompile Include="C:\Git\MastersTeamProject-bow\AdvancedGameTechnologies\CSC8503CoreClasses\PositionConstraint.h">
      <Filter>Physics</Filter>
    </ClCompile>
    <ClCompile Include="C:\Git\MastersTeamProject-bow\AdvancedGameTechnologies\CSC8503CoreClasses\OrientationConstraint.cpp">
      <Filter>Physics</Filter>
    </ClCompile>
    <ClCompile Include="C:\Git\MastersTeamProject-bow\AdvancedGameTechnologies\CSC8503CoreClasses\OrientationConstraint.h">
      <Filter>Physics</Filter>
    </ClCompile>
    <ClCompile Include="C:\Git\MastersTeamProject-bow\AdvancedGameTechnologies\CSC8503CoreClasses\PhysicsObject.cpp">
      <Filter>Physics</Filter>
    </ClCompile>
    <ClCompile Include="C:\Git\MastersTeamProject-bow\AdvancedGameTechnologies\CSC8503CoreClasses\PhysicsObject.h">
      <Filter>Physics</Filter>
    </ClCompile>
    <ClCompile Include="C:\Git\MastersTeamProject-bow\AdvancedGameTechnologies\CSC8503CoreClasses\PhysicsSystem.cpp">
      <Filter>Physics</Filter>
    </ClCompile>
    <ClCompile Include="C:\Git\MastersTeamProject-bow\AdvancedGameTechnologies\CSC8503CoreClasses\PhysicsSystem.h">
      <Filter>Physics</Filter>
    </ClCompile>
    <ClCompile Include="C:\Git\MastersTeamProject-bow\AdvancedGameTechnologies\CSC8503CoreClasses\enet\unix.h">
      <Filter>eNet</Filter>
    </ClCompile>
    <ClCompile Include="C:\Git\MastersTeamProject-bow\AdvancedGameTechnologies\CSC8503CoreClasses\enet\callbacks.c">
      <Filter>eNet</Filter>
    </ClCompile>
    <ClCompile Include="C:\Git\MastersTeamProject-bow\AdvancedGameTechnologies\CSC8503CoreClasses\enet\list.h">
      <Filter>eNet</Filter>
    </ClCompile>
    <ClCompile Include="C:\Git\MastersTeamProject-bow\AdvancedGameTechnologies\CSC8503CoreClasses\enet\list.c">
      <Filter>eNet</Filter>
    </ClCompile>
    <ClCompile Include="C:\Git\MastersTeamProject-bow\AdvancedGameTechnologies\CSC8503CoreClasses\enet\protocol.h">
      <Filter>eNet</Filter>
    </ClCompile>
    <ClCompile Include="C:\Git\MastersTeamProject-bow\AdvancedGameTechnologies\CSC8503CoreClasses\enet\protocol.c">
      <Filter>eNet</Filter>
    </ClCompile>
    <ClCompile Include="C:\Git\MastersTeamProject-bow\AdvancedGameTechnologies\CSC8503CoreClasses\enet\win32.h">
      <Filter>eNet</Filter>
    </ClCompile>
    <ClCompile Include="C:\Git\MastersTeamProject-bow\AdvancedGameTechnologies\CSC8503CoreClasses\enet\win32.c">
      <Filter>eNet</Filter>
    </ClCompile>
    <ClCompile Include="C:\Git\MastersTeamProject-bow\AdvancedGameTechnologies\CSC8503CoreClasses\enet\enet.h">
      <Filter>eNet</Filter>
    </ClCompile>
    <ClCompile Include="C:\Git\MastersTeamProject-bow\AdvancedGameTechnologies\CSC8503CoreClasses\enet\time.h">
      <Filter>eNet</Filter>
    </ClCompile>
    <ClCompile Include="C:\Git\MastersTeamProject-bow\AdvancedGameTechnologies\CSC8503CoreClasses\enet\types.h">
      <Filter>eNet</Filter>
    </ClCompile>
    <ClCompile Include="C:\Git\MastersTeamProject-bow\AdvancedGameTechnologies\CSC8503CoreClasses\enet\utility.h">
      <Filter>eNet</Filter>
    </ClCompile>
    <ClCompile Include="C:\Git\MastersTeamProject-bow\AdvancedGameTechnologies\CSC8503CoreClasses\enet\compress.c">
      <Filter>eNet</Filter>
    </ClCompile>
    <ClCompile Include="C:\Git\MastersTeamProject-bow\AdvancedGameTechnologies\CSC8503CoreClasses\enet\host.c">
      <Filter>eNet</Filter>
    </ClCompile>
    <ClCompile Include="C:\Git\MastersTeamProject-bow\AdvancedGameTechnologies\CSC8503CoreClasses\enet\packet.c">
      <Filter>eNet</Filter>
    </ClCompile>
    <ClCompile Include="C:\Git\MastersTeamProject-bow\AdvancedGameTechnologies\CSC8503CoreClasses\enet\peer.c">
      <Filter>eNet</Filter>
    </ClCompile>
  </ItemGroup>
  <ItemGroup>
    <ClInclude Include="C:\Git\MastersTeamProject-bow\AdvancedGameTechnologies\CSC8503CoreClasses\CMakeFiles\CSC8503CoreClasses.dir\Debug\cmake_pch.hxx">
      <Filter>Precompile Header File</Filter>
    </ClInclude>
    <ClInclude Include="C:\Git\MastersTeamProject-bow\AdvancedGameTechnologies\CSC8503CoreClasses\CMakeFiles\CSC8503CoreClasses.dir\Release\cmake_pch.hxx">
      <Filter>Precompile Header File</Filter>
    </ClInclude>
  </ItemGroup>
  <ItemGroup>
    <CustomBuild Include="C:\Git\MastersTeamProject-bow\AdvancedGameTechnologies\CSC8503CoreClasses\CMakeLists.txt" />
  </ItemGroup>
  <ItemGroup>
    <Filter Include="AI">
      <UniqueIdentifier>{DC6CB11B-647D-37FE-99BE-907A6A5A7F33}</UniqueIdentifier>
    </Filter>
    <Filter Include="AI\Behaviour Trees">
      <UniqueIdentifier>{13E1D801-3E50-3DE6-8972-E2CCEE41F883}</UniqueIdentifier>
    </Filter>
    <Filter Include="AI\Pathfinding">
      <UniqueIdentifier>{5B3BA534-68CD-37CD-9B1B-A632F069CAF8}</UniqueIdentifier>
    </Filter>
    <Filter Include="AI\Pushdown Automata">
      <UniqueIdentifier>{E8E0FD83-477A-3D2F-B71A-8E1A98464433}</UniqueIdentifier>
    </Filter>
    <Filter Include="AI\State Machine">
      <UniqueIdentifier>{D1715E6C-F235-37B3-A501-9940AFA06C88}</UniqueIdentifier>
    </Filter>
    <Filter Include="Collision Detection">
      <UniqueIdentifier>{7404A873-AACE-31B9-8B4C-F6A620325C7F}</UniqueIdentifier>
    </Filter>
    <Filter Include="Header Files">
      <UniqueIdentifier>{23EB7420-70A8-3EDE-9B01-4DFE39CF5053}</UniqueIdentifier>
    </Filter>
    <Filter Include="Networking">
      <UniqueIdentifier>{81B4AFCA-7672-307A-A806-A7FA95A04405}</UniqueIdentifier>
    </Filter>
    <Filter Include="Physics">
      <UniqueIdentifier>{0BEA0A1B-56B6-3F04-AE72-0FD8B3DFE382}</UniqueIdentifier>
    </Filter>
    <Filter Include="Precompile Header File">
      <UniqueIdentifier>{7A67A297-8F19-3DE8-ADDE-AF0F5073DBFB}</UniqueIdentifier>
    </Filter>
    <Filter Include="Source Files">
      <UniqueIdentifier>{7DA890C3-7979-3370-8C6F-F63EF40CD535}</UniqueIdentifier>
    </Filter>
    <Filter Include="eNet">
      <UniqueIdentifier>{C438329B-0CDC-3E59-A7AD-A847EAE0031C}</UniqueIdentifier>
    </Filter>
  </ItemGroup>
</Project>
