<?xml version="1.0" encoding="utf-8"?>
<Project ToolsVersion="17.0" xmlns="http://schemas.microsoft.com/developer/msbuild/2003">
  <ItemGroup>
    <ClCompile Include="C:\Users\wjoe5\OneDrive\Desktop\School\MastersTeamProject\AdvancedGameTechnologies\CSC8503CoreClasses\CMakeFiles\CSC8503CoreClasses.dir\cmake_pch.cxx">
      <Filter>Source Files</Filter>
    </ClCompile>
    <ClCompile Include="C:\Users\wjoe5\OneDrive\Desktop\School\MastersTeamProject\AdvancedGameTechnologies\CSC8503CoreClasses\Debug.h">
      <Filter>Header Files</Filter>
    </ClCompile>
    <ClCompile Include="C:\Users\wjoe5\OneDrive\Desktop\School\MastersTeamProject\AdvancedGameTechnologies\CSC8503CoreClasses\GameObject.h">
      <Filter>Header Files</Filter>
    </ClCompile>
    <ClCompile Include="C:\Users\wjoe5\OneDrive\Desktop\School\MastersTeamProject\AdvancedGameTechnologies\CSC8503CoreClasses\GameWorld.h">
      <Filter>Header Files</Filter>
    </ClCompile>
    <ClCompile Include="C:\Users\wjoe5\OneDrive\Desktop\School\MastersTeamProject\AdvancedGameTechnologies\CSC8503CoreClasses\RenderObject.h">
      <Filter>Header Files</Filter>
    </ClCompile>
    <ClCompile Include="C:\Users\wjoe5\OneDrive\Desktop\School\MastersTeamProject\AdvancedGameTechnologies\CSC8503CoreClasses\Transform.h">
      <Filter>Header Files</Filter>
    </ClCompile>
    <ClCompile Include="C:\Users\wjoe5\OneDrive\Desktop\School\MastersTeamProject\AdvancedGameTechnologies\CSC8503CoreClasses\Debug.cpp">
      <Filter>Source Files</Filter>
    </ClCompile>
    <ClCompile Include="C:\Users\wjoe5\OneDrive\Desktop\School\MastersTeamProject\AdvancedGameTechnologies\CSC8503CoreClasses\GameObject.cpp">
      <Filter>Source Files</Filter>
    </ClCompile>
    <ClCompile Include="C:\Users\wjoe5\OneDrive\Desktop\School\MastersTeamProject\AdvancedGameTechnologies\CSC8503CoreClasses\GameWorld.cpp">
      <Filter>Source Files</Filter>
    </ClCompile>
    <ClCompile Include="C:\Users\wjoe5\OneDrive\Desktop\School\MastersTeamProject\AdvancedGameTechnologies\CSC8503CoreClasses\RenderObject.cpp">
      <Filter>Source Files</Filter>
    </ClCompile>
    <ClCompile Include="C:\Users\wjoe5\OneDrive\Desktop\School\MastersTeamProject\AdvancedGameTechnologies\CSC8503CoreClasses\Transform.cpp">
      <Filter>Source Files</Filter>
    </ClCompile>
    <ClCompile Include="C:\Users\wjoe5\OneDrive\Desktop\School\MastersTeamProject\AdvancedGameTechnologies\CSC8503CoreClasses\BehaviourAction.h">
      <Filter>AI\Behaviour Trees</Filter>
    </ClCompile>
    <ClCompile Include="C:\Users\wjoe5\OneDrive\Desktop\School\MastersTeamProject\AdvancedGameTechnologies\CSC8503CoreClasses\BehaviourNode.h">
      <Filter>AI\Behaviour Trees</Filter>
    </ClCompile>
    <ClCompile Include="C:\Users\wjoe5\OneDrive\Desktop\School\MastersTeamProject\AdvancedGameTechnologies\CSC8503CoreClasses\BehaviourNodeWithChildren.h">
      <Filter>AI\Behaviour Trees</Filter>
    </ClCompile>
    <ClCompile Include="C:\Users\wjoe5\OneDrive\Desktop\School\MastersTeamProject\AdvancedGameTechnologies\CSC8503CoreClasses\BehaviourSelector.h">
      <Filter>AI\Behaviour Trees</Filter>
    </ClCompile>
    <ClCompile Include="C:\Users\wjoe5\OneDrive\Desktop\School\MastersTeamProject\AdvancedGameTechnologies\CSC8503CoreClasses\BehaviourSelector.cpp">
      <Filter>AI\Behaviour Trees</Filter>
    </ClCompile>
    <ClCompile Include="C:\Users\wjoe5\OneDrive\Desktop\School\MastersTeamProject\AdvancedGameTechnologies\CSC8503CoreClasses\BehaviourSequence.h">
      <Filter>AI\Behaviour Trees</Filter>
    </ClCompile>
    <ClCompile Include="C:\Users\wjoe5\OneDrive\Desktop\School\MastersTeamProject\AdvancedGameTechnologies\CSC8503CoreClasses\BehaviourSequence.cpp">
      <Filter>AI\Behaviour Trees</Filter>
    </ClCompile>
    <ClCompile Include="C:\Users\wjoe5\OneDrive\Desktop\School\MastersTeamProject\AdvancedGameTechnologies\CSC8503CoreClasses\PushdownMachine.h">
      <Filter>AI\Pushdown Automata</Filter>
    </ClCompile>
    <ClCompile Include="C:\Users\wjoe5\OneDrive\Desktop\School\MastersTeamProject\AdvancedGameTechnologies\CSC8503CoreClasses\PushdownMachine.cpp">
      <Filter>AI\Pushdown Automata</Filter>
    </ClCompile>
    <ClCompile Include="C:\Users\wjoe5\OneDrive\Desktop\School\MastersTeamProject\AdvancedGameTechnologies\CSC8503CoreClasses\PushdownState.h">
      <Filter>AI\Pushdown Automata</Filter>
    </ClCompile>
    <ClCompile Include="C:\Users\wjoe5\OneDrive\Desktop\School\MastersTeamProject\AdvancedGameTechnologies\CSC8503CoreClasses\PushdownState.cpp">
      <Filter>AI\Pushdown Automata</Filter>
    </ClCompile>
    <ClCompile Include="C:\Users\wjoe5\OneDrive\Desktop\School\MastersTeamProject\AdvancedGameTechnologies\CSC8503CoreClasses\State.h">
      <Filter>AI\State Machine</Filter>
    </ClCompile>
    <ClCompile Include="C:\Users\wjoe5\OneDrive\Desktop\School\MastersTeamProject\AdvancedGameTechnologies\CSC8503CoreClasses\StateMachine.h">
      <Filter>AI\State Machine</Filter>
    </ClCompile>
    <ClCompile Include="C:\Users\wjoe5\OneDrive\Desktop\School\MastersTeamProject\AdvancedGameTechnologies\CSC8503CoreClasses\StateMachine.cpp">
      <Filter>AI\State Machine</Filter>
    </ClCompile>
    <ClCompile Include="C:\Users\wjoe5\OneDrive\Desktop\School\MastersTeamProject\AdvancedGameTechnologies\CSC8503CoreClasses\StateTransition.h">
      <Filter>AI\State Machine</Filter>
    </ClCompile>
    <ClCompile Include="C:\Users\wjoe5\OneDrive\Desktop\School\MastersTeamProject\AdvancedGameTechnologies\CSC8503CoreClasses\NavigationGrid.h">
      <Filter>AI\Pathfinding</Filter>
    </ClCompile>
    <ClCompile Include="C:\Users\wjoe5\OneDrive\Desktop\School\MastersTeamProject\AdvancedGameTechnologies\CSC8503CoreClasses\NavigationGrid.cpp">
      <Filter>AI\Pathfinding</Filter>
    </ClCompile>
    <ClCompile Include="C:\Users\wjoe5\OneDrive\Desktop\School\MastersTeamProject\AdvancedGameTechnologies\CSC8503CoreClasses\NavigationMesh.cpp">
      <Filter>AI\Pathfinding</Filter>
    </ClCompile>
    <ClCompile Include="C:\Users\wjoe5\OneDrive\Desktop\School\MastersTeamProject\AdvancedGameTechnologies\CSC8503CoreClasses\NavigationMesh.h">
      <Filter>AI\Pathfinding</Filter>
    </ClCompile>
    <ClCompile Include="C:\Users\wjoe5\OneDrive\Desktop\School\MastersTeamProject\AdvancedGameTechnologies\CSC8503CoreClasses\NavigationMap.h">
      <Filter>AI\Pathfinding</Filter>
    </ClCompile>
    <ClCompile Include="C:\Users\wjoe5\OneDrive\Desktop\School\MastersTeamProject\AdvancedGameTechnologies\CSC8503CoreClasses\NavigationPath.h">
      <Filter>AI\Pathfinding</Filter>
    </ClCompile>
    <ClCompile Include="C:\Users\wjoe5\OneDrive\Desktop\School\MastersTeamProject\AdvancedGameTechnologies\CSC8503CoreClasses\AABBVolume.h">
      <Filter>Collision Detection</Filter>
    </ClCompile>
    <ClCompile Include="C:\Users\wjoe5\OneDrive\Desktop\School\MastersTeamProject\AdvancedGameTechnologies\CSC8503CoreClasses\CapsuleVolume.h">
      <Filter>Collision Detection</Filter>
    </ClCompile>
    <ClCompile Include="C:\Users\wjoe5\OneDrive\Desktop\School\MastersTeamProject\AdvancedGameTechnologies\CSC8503CoreClasses\CapsuleVolume.cpp">
      <Filter>Collision Detection</Filter>
    </ClCompile>
    <ClCompile Include="C:\Users\wjoe5\OneDrive\Desktop\School\MastersTeamProject\AdvancedGameTechnologies\CSC8503CoreClasses\CollisionDetection.h">
      <Filter>Collision Detection</Filter>
    </ClCompile>
    <ClCompile Include="C:\Users\wjoe5\OneDrive\Desktop\School\MastersTeamProject\AdvancedGameTechnologies\CSC8503CoreClasses\CollisionDetection.cpp">
      <Filter>Collision Detection</Filter>
    </ClCompile>
    <ClCompile Include="C:\Users\wjoe5\OneDrive\Desktop\School\MastersTeamProject\AdvancedGameTechnologies\CSC8503CoreClasses\CollisionVolume.h">
      <Filter>Collision Detection</Filter>
    </ClCompile>
    <ClCompile Include="C:\Users\wjoe5\OneDrive\Desktop\School\MastersTeamProject\AdvancedGameTechnologies\CSC8503CoreClasses\OBBVolume.h">
      <Filter>Collision Detection</Filter>
    </ClCompile>
    <ClCompile Include="C:\Users\wjoe5\OneDrive\Desktop\School\MastersTeamProject\AdvancedGameTechnologies\CSC8503CoreClasses\QuadTree.h">
      <Filter>Collision Detection</Filter>
    </ClCompile>
    <ClCompile Include="C:\Users\wjoe5\OneDrive\Desktop\School\MastersTeamProject\AdvancedGameTechnologies\CSC8503CoreClasses\QuadTree.cpp">
      <Filter>Collision Detection</Filter>
    </ClCompile>
    <ClCompile Include="C:\Users\wjoe5\OneDrive\Desktop\School\MastersTeamProject\AdvancedGameTechnologies\CSC8503CoreClasses\Ray.h">
      <Filter>Collision Detection</Filter>
    </ClCompile>
    <ClCompile Include="C:\Users\wjoe5\OneDrive\Desktop\School\MastersTeamProject\AdvancedGameTechnologies\CSC8503CoreClasses\SphereVolume.h">
      <Filter>Collision Detection</Filter>
    </ClCompile>
    <ClCompile Include="C:\Users\wjoe5\OneDrive\Desktop\School\MastersTeamProject\AdvancedGameTechnologies\CSC8503CoreClasses\GameClient.h">
      <Filter>Networking</Filter>
    </ClCompile>
    <ClCompile Include="C:\Users\wjoe5\OneDrive\Desktop\School\MastersTeamProject\AdvancedGameTechnologies\CSC8503CoreClasses\GameClient.cpp">
      <Filter>Networking</Filter>
    </ClCompile>
    <ClCompile Include="C:\Users\wjoe5\OneDrive\Desktop\School\MastersTeamProject\AdvancedGameTechnologies\CSC8503CoreClasses\GameServer.h">
      <Filter>Networking</Filter>
    </ClCompile>
    <ClCompile Include="C:\Users\wjoe5\OneDrive\Desktop\School\MastersTeamProject\AdvancedGameTechnologies\CSC8503CoreClasses\GameServer.cpp">
      <Filter>Networking</Filter>
    </ClCompile>
    <ClCompile Include="C:\Users\wjoe5\OneDrive\Desktop\School\MastersTeamProject\AdvancedGameTechnologies\CSC8503CoreClasses\NetworkBase.h">
      <Filter>Networking</Filter>
    </ClCompile>
    <ClCompile Include="C:\Users\wjoe5\OneDrive\Desktop\School\MastersTeamProject\AdvancedGameTechnologies\CSC8503CoreClasses\NetworkBase.cpp">
      <Filter>Networking</Filter>
    </ClCompile>
    <ClCompile Include="C:\Users\wjoe5\OneDrive\Desktop\School\MastersTeamProject\AdvancedGameTechnologies\CSC8503CoreClasses\NetworkObject.h">
      <Filter>Networking</Filter>
    </ClCompile>
    <ClCompile Include="C:\Users\wjoe5\OneDrive\Desktop\School\MastersTeamProject\AdvancedGameTechnologies\CSC8503CoreClasses\NetworkObject.cpp">
      <Filter>Networking</Filter>
    </ClCompile>
    <ClCompile Include="C:\Users\wjoe5\OneDrive\Desktop\School\MastersTeamProject\AdvancedGameTechnologies\CSC8503CoreClasses\NetworkState.h">
      <Filter>Networking</Filter>
    </ClCompile>
    <ClCompile Include="C:\Users\wjoe5\OneDrive\Desktop\School\MastersTeamProject\AdvancedGameTechnologies\CSC8503CoreClasses\NetworkState.cpp">
      <Filter>Networking</Filter>
    </ClCompile>
    <ClCompile Include="C:\Users\wjoe5\OneDrive\Desktop\School\MastersTeamProject\AdvancedGameTechnologies\CSC8503CoreClasses\Constraint.h">
      <Filter>Physics</Filter>
    </ClCompile>
    <ClCompile Include="C:\Users\wjoe5\OneDrive\Desktop\School\MastersTeamProject\AdvancedGameTechnologies\CSC8503CoreClasses\PositionConstraint.cpp">
      <Filter>Physics</Filter>
    </ClCompile>
    <ClCompile Include="C:\Users\wjoe5\OneDrive\Desktop\School\MastersTeamProject\AdvancedGameTechnologies\CSC8503CoreClasses\PositionConstraint.h">
      <Filter>Physics</Filter>
    </ClCompile>
    <ClCompile Include="C:\Users\wjoe5\OneDrive\Desktop\School\MastersTeamProject\AdvancedGameTechnologies\CSC8503CoreClasses\OrientationConstraint.cpp">
      <Filter>Physics</Filter>
    </ClCompile>
    <ClCompile Include="C:\Users\wjoe5\OneDrive\Desktop\School\MastersTeamProject\AdvancedGameTechnologies\CSC8503CoreClasses\OrientationConstraint.h">
      <Filter>Physics</Filter>
    </ClCompile>
    <ClCompile Include="C:\Users\wjoe5\OneDrive\Desktop\School\MastersTeamProject\AdvancedGameTechnologies\CSC8503CoreClasses\PhysicsObject.cpp">
      <Filter>Physics</Filter>
    </ClCompile>
    <ClCompile Include="C:\Users\wjoe5\OneDrive\Desktop\School\MastersTeamProject\AdvancedGameTechnologies\CSC8503CoreClasses\PhysicsObject.h">
      <Filter>Physics</Filter>
    </ClCompile>
    <ClCompile Include="C:\Users\wjoe5\OneDrive\Desktop\School\MastersTeamProject\AdvancedGameTechnologies\CSC8503CoreClasses\PhysicsSystem.cpp">
      <Filter>Physics</Filter>
    </ClCompile>
    <ClCompile Include="C:\Users\wjoe5\OneDrive\Desktop\School\MastersTeamProject\AdvancedGameTechnologies\CSC8503CoreClasses\PhysicsSystem.h">
      <Filter>Physics</Filter>
    </ClCompile>
    <ClCompile Include="C:\Users\wjoe5\OneDrive\Desktop\School\MastersTeamProject\AdvancedGameTechnologies\CSC8503CoreClasses\enet\callbacks.c">
      <Filter>eNet</Filter>
    </ClCompile>
    <ClCompile Include="C:\Users\wjoe5\OneDrive\Desktop\School\MastersTeamProject\AdvancedGameTechnologies\CSC8503CoreClasses\enet\list.h">
      <Filter>eNet</Filter>
    </ClCompile>
    <ClCompile Include="C:\Users\wjoe5\OneDrive\Desktop\School\MastersTeamProject\AdvancedGameTechnologies\CSC8503CoreClasses\enet\list.c">
      <Filter>eNet</Filter>
    </ClCompile>
    <ClCompile Include="C:\Users\wjoe5\OneDrive\Desktop\School\MastersTeamProject\AdvancedGameTechnologies\CSC8503CoreClasses\enet\protocol.h">
      <Filter>eNet</Filter>
    </ClCompile>
    <ClCompile Include="C:\Users\wjoe5\OneDrive\Desktop\School\MastersTeamProject\AdvancedGameTechnologies\CSC8503CoreClasses\enet\protocol.c">
      <Filter>eNet</Filter>
    </ClCompile>
    <ClCompile Include="C:\Users\wjoe5\OneDrive\Desktop\School\MastersTeamProject\AdvancedGameTechnologies\CSC8503CoreClasses\enet\win32.h">
      <Filter>eNet</Filter>
    </ClCompile>
    <ClCompile Include="C:\Users\wjoe5\OneDrive\Desktop\School\MastersTeamProject\AdvancedGameTechnologies\CSC8503CoreClasses\enet\win32.c">
      <Filter>eNet</Filter>
    </ClCompile>
    <ClCompile Include="C:\Users\wjoe5\OneDrive\Desktop\School\MastersTeamProject\AdvancedGameTechnologies\CSC8503CoreClasses\enet\enet.h">
      <Filter>eNet</Filter>
    </ClCompile>
    <ClCompile Include="C:\Users\wjoe5\OneDrive\Desktop\School\MastersTeamProject\AdvancedGameTechnologies\CSC8503CoreClasses\enet\time.h">
      <Filter>eNet</Filter>
    </ClCompile>
    <ClCompile Include="C:\Users\wjoe5\OneDrive\Desktop\School\MastersTeamProject\AdvancedGameTechnologies\CSC8503CoreClasses\enet\types.h">
      <Filter>eNet</Filter>
    </ClCompile>
    <ClCompile Include="C:\Users\wjoe5\OneDrive\Desktop\School\MastersTeamProject\AdvancedGameTechnologies\CSC8503CoreClasses\enet\utility.h">
      <Filter>eNet</Filter>
    </ClCompile>
    <ClCompile Include="C:\Users\wjoe5\OneDrive\Desktop\School\MastersTeamProject\AdvancedGameTechnologies\CSC8503CoreClasses\enet\compress.c">
      <Filter>eNet</Filter>
    </ClCompile>
    <ClCompile Include="C:\Users\wjoe5\OneDrive\Desktop\School\MastersTeamProject\AdvancedGameTechnologies\CSC8503CoreClasses\enet\host.c">
      <Filter>eNet</Filter>
    </ClCompile>
    <ClCompile Include="C:\Users\wjoe5\OneDrive\Desktop\School\MastersTeamProject\AdvancedGameTechnologies\CSC8503CoreClasses\enet\packet.c">
      <Filter>eNet</Filter>
    </ClCompile>
    <ClCompile Include="C:\Users\wjoe5\OneDrive\Desktop\School\MastersTeamProject\AdvancedGameTechnologies\CSC8503CoreClasses\enet\peer.c">
      <Filter>eNet</Filter>
    </ClCompile>
  </ItemGroup>
  <ItemGroup>
    <ClInclude Include="C:\Users\wjoe5\OneDrive\Desktop\School\MastersTeamProject\AdvancedGameTechnologies\CSC8503CoreClasses\CMakeFiles\CSC8503CoreClasses.dir\Debug\cmake_pch.hxx">
      <Filter>Precompile Header File</Filter>
    </ClInclude>
    <ClInclude Include="C:\Users\wjoe5\OneDrive\Desktop\School\MastersTeamProject\AdvancedGameTechnologies\CSC8503CoreClasses\CMakeFiles\CSC8503CoreClasses.dir\Release\cmake_pch.hxx">
      <Filter>Precompile Header File</Filter>
    </ClInclude>
  </ItemGroup>
  <ItemGroup>
    <CustomBuild Include="C:\Users\wjoe5\OneDrive\Desktop\School\MastersTeamProject\AdvancedGameTechnologies\CSC8503CoreClasses\CMakeLists.txt" />
  </ItemGroup>
  <ItemGroup>
    <Filter Include="AI">
      <UniqueIdentifier>{D11B6376-0CAE-31A7-BDD6-60AFA950F4E5}</UniqueIdentifier>
    </Filter>
    <Filter Include="AI\Behaviour Trees">
      <UniqueIdentifier>{702443ED-647E-372D-BB3A-97F2FCD56736}</UniqueIdentifier>
    </Filter>
    <Filter Include="AI\Pathfinding">
      <UniqueIdentifier>{2BE74833-A125-3859-ABBF-8DD9867F9EDA}</UniqueIdentifier>
    </Filter>
    <Filter Include="AI\Pushdown Automata">
      <UniqueIdentifier>{77070C37-40BB-37B1-A3FC-3258C6D75175}</UniqueIdentifier>
    </Filter>
    <Filter Include="AI\State Machine">
      <UniqueIdentifier>{FE2DCE2F-A14E-37D7-B2EC-21AF60C824B9}</UniqueIdentifier>
    </Filter>
    <Filter Include="Collision Detection">
      <UniqueIdentifier>{E7BC5DB6-AC8F-3D53-98AD-CF28CF20D092}</UniqueIdentifier>
    </Filter>
    <Filter Include="Header Files">
      <UniqueIdentifier>{EFA27F95-386F-3763-8792-643616D7882D}</UniqueIdentifier>
    </Filter>
    <Filter Include="Networking">
      <UniqueIdentifier>{D25697D9-9226-3D61-B106-8FE16AA6A1FD}</UniqueIdentifier>
    </Filter>
    <Filter Include="Physics">
      <UniqueIdentifier>{899F6FC4-D0D8-3385-AACB-686CF26B7BCC}</UniqueIdentifier>
    </Filter>
    <Filter Include="Precompile Header File">
      <UniqueIdentifier>{01A6DA16-22EE-3382-810C-255071E6CB1E}</UniqueIdentifier>
    </Filter>
    <Filter Include="Source Files">
      <UniqueIdentifier>{67D36123-E8B7-3550-9A4C-E3D51498C1F0}</UniqueIdentifier>
    </Filter>
    <Filter Include="eNet">
      <UniqueIdentifier>{194194C5-B943-303D-AF75-E74FDD710238}</UniqueIdentifier>
    </Filter>
  </ItemGroup>
</Project>
