<?xml version="1.0" encoding="utf-8"?>
<Project ToolsVersion="17.0" xmlns="http://schemas.microsoft.com/developer/msbuild/2003">
  <ItemGroup>
    <ClCompile Include="C:\Users\Goines\Documents\GitHub\MastersTeamProject\AdvancedGameTechnologies\CSC8503CoreClasses\CMakeFiles\CSC8503CoreClasses.dir\cmake_pch.cxx">
      <Filter>Source Files</Filter>
    </ClCompile>
    <ClCompile Include="C:\Users\Goines\Documents\GitHub\MastersTeamProject\AdvancedGameTechnologies\CSC8503CoreClasses\Debug.h">
      <Filter>Header Files</Filter>
    </ClCompile>
    <ClCompile Include="C:\Users\Goines\Documents\GitHub\MastersTeamProject\AdvancedGameTechnologies\CSC8503CoreClasses\GameObject.h">
      <Filter>Header Files</Filter>
    </ClCompile>
    <ClCompile Include="C:\Users\Goines\Documents\GitHub\MastersTeamProject\AdvancedGameTechnologies\CSC8503CoreClasses\GameWorld.h">
      <Filter>Header Files</Filter>
    </ClCompile>
    <ClCompile Include="C:\Users\Goines\Documents\GitHub\MastersTeamProject\AdvancedGameTechnologies\CSC8503CoreClasses\RenderObject.h">
      <Filter>Header Files</Filter>
    </ClCompile>
    <ClCompile Include="C:\Users\Goines\Documents\GitHub\MastersTeamProject\AdvancedGameTechnologies\CSC8503CoreClasses\Transform.h">
      <Filter>Header Files</Filter>
    </ClCompile>
    <ClCompile Include="C:\Users\Goines\Documents\GitHub\MastersTeamProject\AdvancedGameTechnologies\CSC8503CoreClasses\Debug.cpp">
      <Filter>Source Files</Filter>
    </ClCompile>
    <ClCompile Include="C:\Users\Goines\Documents\GitHub\MastersTeamProject\AdvancedGameTechnologies\CSC8503CoreClasses\GameObject.cpp">
      <Filter>Source Files</Filter>
    </ClCompile>
    <ClCompile Include="C:\Users\Goines\Documents\GitHub\MastersTeamProject\AdvancedGameTechnologies\CSC8503CoreClasses\GameWorld.cpp">
      <Filter>Source Files</Filter>
    </ClCompile>
    <ClCompile Include="C:\Users\Goines\Documents\GitHub\MastersTeamProject\AdvancedGameTechnologies\CSC8503CoreClasses\RenderObject.cpp">
      <Filter>Source Files</Filter>
    </ClCompile>
    <ClCompile Include="C:\Users\Goines\Documents\GitHub\MastersTeamProject\AdvancedGameTechnologies\CSC8503CoreClasses\Transform.cpp">
      <Filter>Source Files</Filter>
    </ClCompile>
    <ClCompile Include="C:\Users\Goines\Documents\GitHub\MastersTeamProject\AdvancedGameTechnologies\CSC8503CoreClasses\BehaviourAction.h">
      <Filter>AI\Behaviour Trees</Filter>
    </ClCompile>
    <ClCompile Include="C:\Users\Goines\Documents\GitHub\MastersTeamProject\AdvancedGameTechnologies\CSC8503CoreClasses\BehaviourNode.h">
      <Filter>AI\Behaviour Trees</Filter>
    </ClCompile>
    <ClCompile Include="C:\Users\Goines\Documents\GitHub\MastersTeamProject\AdvancedGameTechnologies\CSC8503CoreClasses\BehaviourNodeWithChildren.h">
      <Filter>AI\Behaviour Trees</Filter>
    </ClCompile>
    <ClCompile Include="C:\Users\Goines\Documents\GitHub\MastersTeamProject\AdvancedGameTechnologies\CSC8503CoreClasses\BehaviourSelector.h">
      <Filter>AI\Behaviour Trees</Filter>
    </ClCompile>
    <ClCompile Include="C:\Users\Goines\Documents\GitHub\MastersTeamProject\AdvancedGameTechnologies\CSC8503CoreClasses\BehaviourSelector.cpp">
      <Filter>AI\Behaviour Trees</Filter>
    </ClCompile>
    <ClCompile Include="C:\Users\Goines\Documents\GitHub\MastersTeamProject\AdvancedGameTechnologies\CSC8503CoreClasses\BehaviourSequence.h">
      <Filter>AI\Behaviour Trees</Filter>
    </ClCompile>
    <ClCompile Include="C:\Users\Goines\Documents\GitHub\MastersTeamProject\AdvancedGameTechnologies\CSC8503CoreClasses\BehaviourSequence.cpp">
      <Filter>AI\Behaviour Trees</Filter>
    </ClCompile>
    <ClCompile Include="C:\Users\Goines\Documents\GitHub\MastersTeamProject\AdvancedGameTechnologies\CSC8503CoreClasses\PushdownMachine.h">
      <Filter>AI\Pushdown Automata</Filter>
    </ClCompile>
    <ClCompile Include="C:\Users\Goines\Documents\GitHub\MastersTeamProject\AdvancedGameTechnologies\CSC8503CoreClasses\PushdownMachine.cpp">
      <Filter>AI\Pushdown Automata</Filter>
    </ClCompile>
    <ClCompile Include="C:\Users\Goines\Documents\GitHub\MastersTeamProject\AdvancedGameTechnologies\CSC8503CoreClasses\PushdownState.h">
      <Filter>AI\Pushdown Automata</Filter>
    </ClCompile>
    <ClCompile Include="C:\Users\Goines\Documents\GitHub\MastersTeamProject\AdvancedGameTechnologies\CSC8503CoreClasses\PushdownState.cpp">
      <Filter>AI\Pushdown Automata</Filter>
    </ClCompile>
    <ClCompile Include="C:\Users\Goines\Documents\GitHub\MastersTeamProject\AdvancedGameTechnologies\CSC8503CoreClasses\State.h">
      <Filter>AI\State Machine</Filter>
    </ClCompile>
    <ClCompile Include="C:\Users\Goines\Documents\GitHub\MastersTeamProject\AdvancedGameTechnologies\CSC8503CoreClasses\StateMachine.h">
      <Filter>AI\State Machine</Filter>
    </ClCompile>
    <ClCompile Include="C:\Users\Goines\Documents\GitHub\MastersTeamProject\AdvancedGameTechnologies\CSC8503CoreClasses\StateMachine.cpp">
      <Filter>AI\State Machine</Filter>
    </ClCompile>
    <ClCompile Include="C:\Users\Goines\Documents\GitHub\MastersTeamProject\AdvancedGameTechnologies\CSC8503CoreClasses\StateTransition.h">
      <Filter>AI\State Machine</Filter>
    </ClCompile>
    <ClCompile Include="C:\Users\Goines\Documents\GitHub\MastersTeamProject\AdvancedGameTechnologies\CSC8503CoreClasses\NavigationGrid.h">
      <Filter>AI\Pathfinding</Filter>
    </ClCompile>
    <ClCompile Include="C:\Users\Goines\Documents\GitHub\MastersTeamProject\AdvancedGameTechnologies\CSC8503CoreClasses\NavigationGrid.cpp">
      <Filter>AI\Pathfinding</Filter>
    </ClCompile>
    <ClCompile Include="C:\Users\Goines\Documents\GitHub\MastersTeamProject\AdvancedGameTechnologies\CSC8503CoreClasses\NavigationMesh.cpp">
      <Filter>AI\Pathfinding</Filter>
    </ClCompile>
    <ClCompile Include="C:\Users\Goines\Documents\GitHub\MastersTeamProject\AdvancedGameTechnologies\CSC8503CoreClasses\NavigationMesh.h">
      <Filter>AI\Pathfinding</Filter>
    </ClCompile>
    <ClCompile Include="C:\Users\Goines\Documents\GitHub\MastersTeamProject\AdvancedGameTechnologies\CSC8503CoreClasses\NavigationMap.h">
      <Filter>AI\Pathfinding</Filter>
    </ClCompile>
    <ClCompile Include="C:\Users\Goines\Documents\GitHub\MastersTeamProject\AdvancedGameTechnologies\CSC8503CoreClasses\NavigationPath.h">
      <Filter>AI\Pathfinding</Filter>
    </ClCompile>
    <ClCompile Include="C:\Users\Goines\Documents\GitHub\MastersTeamProject\AdvancedGameTechnologies\CSC8503CoreClasses\AABBVolume.h">
      <Filter>Collision Detection</Filter>
    </ClCompile>
    <ClCompile Include="C:\Users\Goines\Documents\GitHub\MastersTeamProject\AdvancedGameTechnologies\CSC8503CoreClasses\CapsuleVolume.h">
      <Filter>Collision Detection</Filter>
    </ClCompile>
    <ClCompile Include="C:\Users\Goines\Documents\GitHub\MastersTeamProject\AdvancedGameTechnologies\CSC8503CoreClasses\CapsuleVolume.cpp">
      <Filter>Collision Detection</Filter>
    </ClCompile>
    <ClCompile Include="C:\Users\Goines\Documents\GitHub\MastersTeamProject\AdvancedGameTechnologies\CSC8503CoreClasses\CollisionDetection.h">
      <Filter>Collision Detection</Filter>
    </ClCompile>
    <ClCompile Include="C:\Users\Goines\Documents\GitHub\MastersTeamProject\AdvancedGameTechnologies\CSC8503CoreClasses\CollisionDetection.cpp">
      <Filter>Collision Detection</Filter>
    </ClCompile>
    <ClCompile Include="C:\Users\Goines\Documents\GitHub\MastersTeamProject\AdvancedGameTechnologies\CSC8503CoreClasses\CollisionVolume.h">
      <Filter>Collision Detection</Filter>
    </ClCompile>
    <ClCompile Include="C:\Users\Goines\Documents\GitHub\MastersTeamProject\AdvancedGameTechnologies\CSC8503CoreClasses\OBBVolume.h">
      <Filter>Collision Detection</Filter>
    </ClCompile>
    <ClCompile Include="C:\Users\Goines\Documents\GitHub\MastersTeamProject\AdvancedGameTechnologies\CSC8503CoreClasses\QuadTree.h">
      <Filter>Collision Detection</Filter>
    </ClCompile>
    <ClCompile Include="C:\Users\Goines\Documents\GitHub\MastersTeamProject\AdvancedGameTechnologies\CSC8503CoreClasses\QuadTree.cpp">
      <Filter>Collision Detection</Filter>
    </ClCompile>
    <ClCompile Include="C:\Users\Goines\Documents\GitHub\MastersTeamProject\AdvancedGameTechnologies\CSC8503CoreClasses\Ray.h">
      <Filter>Collision Detection</Filter>
    </ClCompile>
    <ClCompile Include="C:\Users\Goines\Documents\GitHub\MastersTeamProject\AdvancedGameTechnologies\CSC8503CoreClasses\SphereVolume.h">
      <Filter>Collision Detection</Filter>
    </ClCompile>
    <ClCompile Include="C:\Users\Goines\Documents\GitHub\MastersTeamProject\AdvancedGameTechnologies\CSC8503CoreClasses\GameClient.h">
      <Filter>Networking</Filter>
    </ClCompile>
    <ClCompile Include="C:\Users\Goines\Documents\GitHub\MastersTeamProject\AdvancedGameTechnologies\CSC8503CoreClasses\GameClient.cpp">
      <Filter>Networking</Filter>
    </ClCompile>
    <ClCompile Include="C:\Users\Goines\Documents\GitHub\MastersTeamProject\AdvancedGameTechnologies\CSC8503CoreClasses\GameServer.h">
      <Filter>Networking</Filter>
    </ClCompile>
    <ClCompile Include="C:\Users\Goines\Documents\GitHub\MastersTeamProject\AdvancedGameTechnologies\CSC8503CoreClasses\GameServer.cpp">
      <Filter>Networking</Filter>
    </ClCompile>
    <ClCompile Include="C:\Users\Goines\Documents\GitHub\MastersTeamProject\AdvancedGameTechnologies\CSC8503CoreClasses\NetworkBase.h">
      <Filter>Networking</Filter>
    </ClCompile>
    <ClCompile Include="C:\Users\Goines\Documents\GitHub\MastersTeamProject\AdvancedGameTechnologies\CSC8503CoreClasses\NetworkBase.cpp">
      <Filter>Networking</Filter>
    </ClCompile>
    <ClCompile Include="C:\Users\Goines\Documents\GitHub\MastersTeamProject\AdvancedGameTechnologies\CSC8503CoreClasses\NetworkObject.h">
      <Filter>Networking</Filter>
    </ClCompile>
    <ClCompile Include="C:\Users\Goines\Documents\GitHub\MastersTeamProject\AdvancedGameTechnologies\CSC8503CoreClasses\NetworkObject.cpp">
      <Filter>Networking</Filter>
    </ClCompile>
    <ClCompile Include="C:\Users\Goines\Documents\GitHub\MastersTeamProject\AdvancedGameTechnologies\CSC8503CoreClasses\NetworkState.h">
      <Filter>Networking</Filter>
    </ClCompile>
    <ClCompile Include="C:\Users\Goines\Documents\GitHub\MastersTeamProject\AdvancedGameTechnologies\CSC8503CoreClasses\NetworkState.cpp">
      <Filter>Networking</Filter>
    </ClCompile>
    <ClCompile Include="C:\Users\Goines\Documents\GitHub\MastersTeamProject\AdvancedGameTechnologies\CSC8503CoreClasses\Constraint.h">
      <Filter>Physics</Filter>
    </ClCompile>
    <ClCompile Include="C:\Users\Goines\Documents\GitHub\MastersTeamProject\AdvancedGameTechnologies\CSC8503CoreClasses\PositionConstraint.cpp">
      <Filter>Physics</Filter>
    </ClCompile>
    <ClCompile Include="C:\Users\Goines\Documents\GitHub\MastersTeamProject\AdvancedGameTechnologies\CSC8503CoreClasses\PositionConstraint.h">
      <Filter>Physics</Filter>
    </ClCompile>
    <ClCompile Include="C:\Users\Goines\Documents\GitHub\MastersTeamProject\AdvancedGameTechnologies\CSC8503CoreClasses\OrientationConstraint.cpp">
      <Filter>Physics</Filter>
    </ClCompile>
    <ClCompile Include="C:\Users\Goines\Documents\GitHub\MastersTeamProject\AdvancedGameTechnologies\CSC8503CoreClasses\OrientationConstraint.h">
      <Filter>Physics</Filter>
    </ClCompile>
    <ClCompile Include="C:\Users\Goines\Documents\GitHub\MastersTeamProject\AdvancedGameTechnologies\CSC8503CoreClasses\PhysicsObject.cpp">
      <Filter>Physics</Filter>
    </ClCompile>
    <ClCompile Include="C:\Users\Goines\Documents\GitHub\MastersTeamProject\AdvancedGameTechnologies\CSC8503CoreClasses\PhysicsObject.h">
      <Filter>Physics</Filter>
    </ClCompile>
    <ClCompile Include="C:\Users\Goines\Documents\GitHub\MastersTeamProject\AdvancedGameTechnologies\CSC8503CoreClasses\PhysicsSystem.cpp">
      <Filter>Physics</Filter>
    </ClCompile>
    <ClCompile Include="C:\Users\Goines\Documents\GitHub\MastersTeamProject\AdvancedGameTechnologies\CSC8503CoreClasses\PhysicsSystem.h">
      <Filter>Physics</Filter>
    </ClCompile>
    <ClCompile Include="C:\Users\Goines\Documents\GitHub\MastersTeamProject\AdvancedGameTechnologies\CSC8503CoreClasses\enet\callbacks.c">
      <Filter>eNet</Filter>
    </ClCompile>
    <ClCompile Include="C:\Users\Goines\Documents\GitHub\MastersTeamProject\AdvancedGameTechnologies\CSC8503CoreClasses\enet\list.h">
      <Filter>eNet</Filter>
    </ClCompile>
    <ClCompile Include="C:\Users\Goines\Documents\GitHub\MastersTeamProject\AdvancedGameTechnologies\CSC8503CoreClasses\enet\list.c">
      <Filter>eNet</Filter>
    </ClCompile>
    <ClCompile Include="C:\Users\Goines\Documents\GitHub\MastersTeamProject\AdvancedGameTechnologies\CSC8503CoreClasses\enet\protocol.h">
      <Filter>eNet</Filter>
    </ClCompile>
    <ClCompile Include="C:\Users\Goines\Documents\GitHub\MastersTeamProject\AdvancedGameTechnologies\CSC8503CoreClasses\enet\protocol.c">
      <Filter>eNet</Filter>
    </ClCompile>
    <ClCompile Include="C:\Users\Goines\Documents\GitHub\MastersTeamProject\AdvancedGameTechnologies\CSC8503CoreClasses\enet\win32.h">
      <Filter>eNet</Filter>
    </ClCompile>
    <ClCompile Include="C:\Users\Goines\Documents\GitHub\MastersTeamProject\AdvancedGameTechnologies\CSC8503CoreClasses\enet\win32.c">
      <Filter>eNet</Filter>
    </ClCompile>
    <ClCompile Include="C:\Users\Goines\Documents\GitHub\MastersTeamProject\AdvancedGameTechnologies\CSC8503CoreClasses\enet\enet.h">
      <Filter>eNet</Filter>
    </ClCompile>
    <ClCompile Include="C:\Users\Goines\Documents\GitHub\MastersTeamProject\AdvancedGameTechnologies\CSC8503CoreClasses\enet\time.h">
      <Filter>eNet</Filter>
    </ClCompile>
    <ClCompile Include="C:\Users\Goines\Documents\GitHub\MastersTeamProject\AdvancedGameTechnologies\CSC8503CoreClasses\enet\types.h">
      <Filter>eNet</Filter>
    </ClCompile>
    <ClCompile Include="C:\Users\Goines\Documents\GitHub\MastersTeamProject\AdvancedGameTechnologies\CSC8503CoreClasses\enet\utility.h">
      <Filter>eNet</Filter>
    </ClCompile>
    <ClCompile Include="C:\Users\Goines\Documents\GitHub\MastersTeamProject\AdvancedGameTechnologies\CSC8503CoreClasses\enet\compress.c">
      <Filter>eNet</Filter>
    </ClCompile>
    <ClCompile Include="C:\Users\Goines\Documents\GitHub\MastersTeamProject\AdvancedGameTechnologies\CSC8503CoreClasses\enet\host.c">
      <Filter>eNet</Filter>
    </ClCompile>
    <ClCompile Include="C:\Users\Goines\Documents\GitHub\MastersTeamProject\AdvancedGameTechnologies\CSC8503CoreClasses\enet\packet.c">
      <Filter>eNet</Filter>
    </ClCompile>
    <ClCompile Include="C:\Users\Goines\Documents\GitHub\MastersTeamProject\AdvancedGameTechnologies\CSC8503CoreClasses\enet\peer.c">
      <Filter>eNet</Filter>
    </ClCompile>
  </ItemGroup>
  <ItemGroup>
    <ClInclude Include="C:\Users\Goines\Documents\GitHub\MastersTeamProject\AdvancedGameTechnologies\CSC8503CoreClasses\CMakeFiles\CSC8503CoreClasses.dir\Debug\cmake_pch.hxx">
      <Filter>Precompile Header File</Filter>
    </ClInclude>
    <ClInclude Include="C:\Users\Goines\Documents\GitHub\MastersTeamProject\AdvancedGameTechnologies\CSC8503CoreClasses\CMakeFiles\CSC8503CoreClasses.dir\Release\cmake_pch.hxx">
      <Filter>Precompile Header File</Filter>
    </ClInclude>
  </ItemGroup>
  <ItemGroup>
    <CustomBuild Include="C:\Users\Goines\Documents\GitHub\MastersTeamProject\AdvancedGameTechnologies\CSC8503CoreClasses\CMakeLists.txt" />
  </ItemGroup>
  <ItemGroup>
    <Filter Include="AI">
      <UniqueIdentifier>{D231B251-4908-3515-8BB7-E16AFF83EAB8}</UniqueIdentifier>
    </Filter>
    <Filter Include="AI\Behaviour Trees">
      <UniqueIdentifier>{C6BF4287-1BEF-3B0A-80F7-60B06D952613}</UniqueIdentifier>
    </Filter>
    <Filter Include="AI\Pathfinding">
      <UniqueIdentifier>{BBCF4C48-7BE7-36AF-9333-806974E55AD6}</UniqueIdentifier>
    </Filter>
    <Filter Include="AI\Pushdown Automata">
      <UniqueIdentifier>{A8BB6CC5-D099-36B7-97B5-D40A0358BAAE}</UniqueIdentifier>
    </Filter>
    <Filter Include="AI\State Machine">
      <UniqueIdentifier>{2488896C-127F-3F6F-9641-719061782805}</UniqueIdentifier>
    </Filter>
    <Filter Include="Collision Detection">
      <UniqueIdentifier>{4DCF66DC-B45A-3BA1-9A18-8A94021FEED3}</UniqueIdentifier>
    </Filter>
    <Filter Include="Header Files">
      <UniqueIdentifier>{3270BDBF-90BC-36E7-A1F6-BC0360E8A908}</UniqueIdentifier>
    </Filter>
    <Filter Include="Networking">
      <UniqueIdentifier>{7154E76D-B966-3D03-B8A2-9BB796E64DE8}</UniqueIdentifier>
    </Filter>
    <Filter Include="Physics">
      <UniqueIdentifier>{91112A99-19D2-3DBF-81F9-F706E95EF395}</UniqueIdentifier>
    </Filter>
    <Filter Include="Precompile Header File">
      <UniqueIdentifier>{A8B09581-6611-36CC-8B87-73B93D0405B9}</UniqueIdentifier>
    </Filter>
    <Filter Include="Source Files">
      <UniqueIdentifier>{E58719F7-759E-32B0-9A6A-E2D5147019F2}</UniqueIdentifier>
    </Filter>
    <Filter Include="eNet">
      <UniqueIdentifier>{649BC59B-6DE2-3E92-AA74-96BEF561CAB8}</UniqueIdentifier>
    </Filter>
  </ItemGroup>
</Project>
