<?xml version="1.0" encoding="utf-8"?>
<Project ToolsVersion="17.0" xmlns="http://schemas.microsoft.com/developer/msbuild/2003">
  <ItemGroup>
    <ClCompile Include="C:\dev\CppSeries\MasterTeamProject\MastersTeamProject\AdvancedGameTechnologies\OpenGLRendering\CMakeFiles\OpenGLRendering.dir\cmake_pch.cxx">
      <Filter>Source Files</Filter>
    </ClCompile>
    <ClCompile Include="C:\dev\CppSeries\MasterTeamProject\MastersTeamProject\AdvancedGameTechnologies\OpenGLRendering\OGLTexture.h">
      <Filter>Header Files</Filter>
    </ClCompile>
    <ClCompile Include="C:\dev\CppSeries\MasterTeamProject\MastersTeamProject\AdvancedGameTechnologies\OpenGLRendering\OGLShader.h">
      <Filter>Header Files</Filter>
    </ClCompile>
    <ClCompile Include="C:\dev\CppSeries\MasterTeamProject\MastersTeamProject\AdvancedGameTechnologies\OpenGLRendering\OGLRenderer.h">
      <Filter>Header Files</Filter>
    </ClCompile>
    <ClCompile Include="C:\dev\CppSeries\MasterTeamProject\MastersTeamProject\AdvancedGameTechnologies\OpenGLRendering\OGLMesh.h">
      <Filter>Header Files</Filter>
    </ClCompile>
    <ClCompile Include="C:\dev\CppSeries\MasterTeamProject\MastersTeamProject\AdvancedGameTechnologies\OpenGLRendering\OGLComputeShader.h">
      <Filter>Header Files</Filter>
    </ClCompile>
    <ClCompile Include="C:\dev\CppSeries\MasterTeamProject\MastersTeamProject\AdvancedGameTechnologies\OpenGLRendering\OGLTexture.cpp">
      <Filter>Source Files</Filter>
    </ClCompile>
    <ClCompile Include="C:\dev\CppSeries\MasterTeamProject\MastersTeamProject\AdvancedGameTechnologies\OpenGLRendering\OGLShader.cpp">
      <Filter>Source Files</Filter>
    </ClCompile>
    <ClCompile Include="C:\dev\CppSeries\MasterTeamProject\MastersTeamProject\AdvancedGameTechnologies\OpenGLRendering\OGLRenderer.cpp">
      <Filter>Source Files</Filter>
    </ClCompile>
    <ClCompile Include="C:\dev\CppSeries\MasterTeamProject\MastersTeamProject\AdvancedGameTechnologies\OpenGLRendering\OGLMesh.cpp">
      <Filter>Source Files</Filter>
    </ClCompile>
    <ClCompile Include="C:\dev\CppSeries\MasterTeamProject\MastersTeamProject\AdvancedGameTechnologies\OpenGLRendering\OGLComputeShader.cpp">
      <Filter>Source Files</Filter>
    </ClCompile>
    <ClCompile Include="C:\dev\CppSeries\MasterTeamProject\MastersTeamProject\AdvancedGameTechnologies\OpenGLRendering\glad\gl.h">
      <Filter>GLAD</Filter>
    </ClCompile>
    <ClCompile Include="C:\dev\CppSeries\MasterTeamProject\MastersTeamProject\AdvancedGameTechnologies\OpenGLRendering\glad\gl.c">
      <Filter>GLAD</Filter>
    </ClCompile>
  </ItemGroup>
  <ItemGroup>
    <ClInclude Include="C:\dev\CppSeries\MasterTeamProject\MastersTeamProject\AdvancedGameTechnologies\OpenGLRendering\CMakeFiles\OpenGLRendering.dir\Debug\cmake_pch.hxx">
      <Filter>Precompile Header File</Filter>
    </ClInclude>
    <ClInclude Include="C:\dev\CppSeries\MasterTeamProject\MastersTeamProject\AdvancedGameTechnologies\OpenGLRendering\CMakeFiles\OpenGLRendering.dir\Release\cmake_pch.hxx">
      <Filter>Precompile Header File</Filter>
    </ClInclude>
  </ItemGroup>
  <ItemGroup>
    <CustomBuild Include="C:\dev\CppSeries\MasterTeamProject\MastersTeamProject\AdvancedGameTechnologies\OpenGLRendering\CMakeLists.txt" />
  </ItemGroup>
  <ItemGroup>
    <Filter Include="GLAD">
      <UniqueIdentifier>{617ED6F3-59B1-3B09-9F22-C8EBA415A373}</UniqueIdentifier>
    </Filter>
    <Filter Include="Header Files">
      <UniqueIdentifier>{0F5589A0-E89B-321D-B971-3D48EABE3331}</UniqueIdentifier>
    </Filter>
    <Filter Include="Precompile Header File">
      <UniqueIdentifier>{35DDEDEA-7F47-31E1-88D1-9CB035478955}</UniqueIdentifier>
    </Filter>
    <Filter Include="Source Files">
      <UniqueIdentifier>{0D5545CF-48EB-35F3-B7F4-E76A6D34F551}</UniqueIdentifier>
    </Filter>
  </ItemGroup>
</Project>
